// !$*UTF8*$!
{
	archiveVersion = 1;
	classes = {
	};
	objectVersion = 46;
	objects = {

/* Begin PBXBuildFile section */
		A652F5C91FE29DF000CCBD92 /* HGRefreshControl.swift in Sources */ = {isa = PBXBuildFile; fileRef = A652F5C61FE29DF000CCBD92 /* HGRefreshControl.swift */; };
		A652F5CA1FE29DF000CCBD92 /* HGRefreshView.swift in Sources */ = {isa = PBXBuildFile; fileRef = A652F5C71FE29DF000CCBD92 /* HGRefreshView.swift */; };
		A652F5CB1FE29DF000CCBD92 /* HGRefreshView.xib in Resources */ = {isa = PBXBuildFile; fileRef = A652F5C81FE29DF000CCBD92 /* HGRefreshView.xib */; };
		A652F5CD1FE29F3800CCBD92 /* HGHumanRefreshView.xib in Resources */ = {isa = PBXBuildFile; fileRef = A652F5CC1FE29F3800CCBD92 /* HGHumanRefreshView.xib */; };
		A652F5D11FE2A16100CCBD92 /* HGMTRefreshView.xib in Resources */ = {isa = PBXBuildFile; fileRef = A652F5D01FE2A16100CCBD92 /* HGMTRefreshView.xib */; };
		A652F5D31FE2A28700CCBD92 /* HGMTRefreshView.swift in Sources */ = {isa = PBXBuildFile; fileRef = A652F5D21FE2A28700CCBD92 /* HGMTRefreshView.swift */; };
		A65E89E71FE192EB007B2948 /* AppDelegate.swift in Sources */ = {isa = PBXBuildFile; fileRef = A65E89E61FE192EB007B2948 /* AppDelegate.swift */; };
		A65E89E91FE192EB007B2948 /* ViewController.swift in Sources */ = {isa = PBXBuildFile; fileRef = A65E89E81FE192EB007B2948 /* ViewController.swift */; };
		A65E89EC1FE192EB007B2948 /* Main.storyboard in Resources */ = {isa = PBXBuildFile; fileRef = A65E89EA1FE192EB007B2948 /* Main.storyboard */; };
		A65E89EE1FE192EB007B2948 /* Assets.xcassets in Resources */ = {isa = PBXBuildFile; fileRef = A65E89ED1FE192EB007B2948 /* Assets.xcassets */; };
		A65E89F11FE192EB007B2948 /* LaunchScreen.storyboard in Resources */ = {isa = PBXBuildFile; fileRef = A65E89EF1FE192EB007B2948 /* LaunchScreen.storyboard */; };
		A65E89FC1FE192EB007B2948 /* ____Tests.swift in Sources */ = {isa = PBXBuildFile; fileRef = A65E89FB1FE192EB007B2948 /* ____Tests.swift */; };
		A65E8A071FE192EB007B2948 /* ____UITests.swift in Sources */ = {isa = PBXBuildFile; fileRef = A65E8A061FE192EB007B2948 /* ____UITests.swift */; };
/* End PBXBuildFile section */

/* Begin PBXContainerItemProxy section */
		A65E89F81FE192EB007B2948 /* PBXContainerItemProxy */ = {
			isa = PBXContainerItemProxy;
			containerPortal = A65E89DB1FE192EB007B2948 /* Project object */;
			proxyType = 1;
			remoteGlobalIDString = A65E89E21FE192EB007B2948;
			remoteInfo = "刷新控件";
		};
		A65E8A031FE192EB007B2948 /* PBXContainerItemProxy */ = {
			isa = PBXContainerItemProxy;
			containerPortal = A65E89DB1FE192EB007B2948 /* Project object */;
			proxyType = 1;
			remoteGlobalIDString = A65E89E21FE192EB007B2948;
			remoteInfo = "刷新控件";
		};
/* End PBXContainerItemProxy section */

/* Begin PBXFileReference section */
		A652F5C61FE29DF000CCBD92 /* HGRefreshControl.swift */ = {isa = PBXFileReference; fileEncoding = 4; lastKnownFileType = sourcecode.swift; path = HGRefreshControl.swift; sourceTree = "<group>"; };
		A652F5C71FE29DF000CCBD92 /* HGRefreshView.swift */ = {isa = PBXFileReference; fileEncoding = 4; lastKnownFileType = sourcecode.swift; path = HGRefreshView.swift; sourceTree = "<group>"; };
		A652F5C81FE29DF000CCBD92 /* HGRefreshView.xib */ = {isa = PBXFileReference; fileEncoding = 4; lastKnownFileType = file.xib; path = HGRefreshView.xib; sourceTree = "<group>"; };
		A652F5CC1FE29F3800CCBD92 /* HGHumanRefreshView.xib */ = {isa = PBXFileReference; fileEncoding = 4; lastKnownFileType = file.xib; path = HGHumanRefreshView.xib; sourceTree = "<group>"; };
		A652F5D01FE2A16100CCBD92 /* HGMTRefreshView.xib */ = {isa = PBXFileReference; fileEncoding = 4; lastKnownFileType = file.xib; path = HGMTRefreshView.xib; sourceTree = "<group>"; };
		A652F5D21FE2A28700CCBD92 /* HGMTRefreshView.swift */ = {isa = PBXFileReference; fileEncoding = 4; lastKnownFileType = sourcecode.swift; path = HGMTRefreshView.swift; sourceTree = "<group>"; };
		A65E89E31FE192EB007B2948 /* 刷新控件.app */ = {isa = PBXFileReference; explicitFileType = wrapper.application; includeInIndex = 0; path = "刷新控件.app"; sourceTree = BUILT_PRODUCTS_DIR; };
		A65E89E61FE192EB007B2948 /* AppDelegate.swift */ = {isa = PBXFileReference; lastKnownFileType = sourcecode.swift; path = AppDelegate.swift; sourceTree = "<group>"; };
		A65E89E81FE192EB007B2948 /* ViewController.swift */ = {isa = PBXFileReference; lastKnownFileType = sourcecode.swift; path = ViewController.swift; sourceTree = "<group>"; };
		A65E89EB1FE192EB007B2948 /* Base */ = {isa = PBXFileReference; lastKnownFileType = file.storyboard; name = Base; path = Base.lproj/Main.storyboard; sourceTree = "<group>"; };
		A65E89ED1FE192EB007B2948 /* Assets.xcassets */ = {isa = PBXFileReference; lastKnownFileType = folder.assetcatalog; path = Assets.xcassets; sourceTree = "<group>"; };
		A65E89F01FE192EB007B2948 /* Base */ = {isa = PBXFileReference; lastKnownFileType = file.storyboard; name = Base; path = Base.lproj/LaunchScreen.storyboard; sourceTree = "<group>"; };
		A65E89F21FE192EB007B2948 /* Info.plist */ = {isa = PBXFileReference; lastKnownFileType = text.plist.xml; path = Info.plist; sourceTree = "<group>"; };
		A65E89F71FE192EB007B2948 /* 刷新控件Tests.xctest */ = {isa = PBXFileReference; explicitFileType = wrapper.cfbundle; includeInIndex = 0; path = "刷新控件Tests.xctest"; sourceTree = BUILT_PRODUCTS_DIR; };
		A65E89FB1FE192EB007B2948 /* ____Tests.swift */ = {isa = PBXFileReference; lastKnownFileType = sourcecode.swift; path = "____Tests.swift"; sourceTree = "<group>"; };
		A65E89FD1FE192EB007B2948 /* Info.plist */ = {isa = PBXFileReference; lastKnownFileType = text.plist.xml; path = Info.plist; sourceTree = "<group>"; };
		A65E8A021FE192EB007B2948 /* 刷新控件UITests.xctest */ = {isa = PBXFileReference; explicitFileType = wrapper.cfbundle; includeInIndex = 0; path = "刷新控件UITests.xctest"; sourceTree = BUILT_PRODUCTS_DIR; };
		A65E8A061FE192EB007B2948 /* ____UITests.swift */ = {isa = PBXFileReference; lastKnownFileType = sourcecode.swift; path = "____UITests.swift"; sourceTree = "<group>"; };
		A65E8A081FE192EB007B2948 /* Info.plist */ = {isa = PBXFileReference; lastKnownFileType = text.plist.xml; path = Info.plist; sourceTree = "<group>"; };
/* End PBXFileReference section */

/* Begin PBXFrameworksBuildPhase section */
		A65E89E01FE192EB007B2948 /* Frameworks */ = {
			isa = PBXFrameworksBuildPhase;
			buildActionMask = 2147483647;
			files = (
			);
			runOnlyForDeploymentPostprocessing = 0;
		};
		A65E89F41FE192EB007B2948 /* Frameworks */ = {
			isa = PBXFrameworksBuildPhase;
			buildActionMask = 2147483647;
			files = (
			);
			runOnlyForDeploymentPostprocessing = 0;
		};
		A65E89FF1FE192EB007B2948 /* Frameworks */ = {
			isa = PBXFrameworksBuildPhase;
			buildActionMask = 2147483647;
			files = (
			);
			runOnlyForDeploymentPostprocessing = 0;
		};
/* End PBXFrameworksBuildPhase section */

/* Begin PBXGroup section */
		A652F5C51FE29DF000CCBD92 /* HGRefreshControl */ = {
			isa = PBXGroup;
			children = (
				A652F5C61FE29DF000CCBD92 /* HGRefreshControl.swift */,
				A652F5C71FE29DF000CCBD92 /* HGRefreshView.swift */,
				A652F5D21FE2A28700CCBD92 /* HGMTRefreshView.swift */,
				A652F5C81FE29DF000CCBD92 /* HGRefreshView.xib */,
				A652F5CC1FE29F3800CCBD92 /* HGHumanRefreshView.xib */,
				A652F5D01FE2A16100CCBD92 /* HGMTRefreshView.xib */,
			);
			path = HGRefreshControl;
			sourceTree = "<group>";
		};
		A65E89DA1FE192EB007B2948 = {
			isa = PBXGroup;
			children = (
				A65E89E51FE192EB007B2948 /* 刷新控件 */,
				A65E89FA1FE192EB007B2948 /* 刷新控件Tests */,
				A65E8A051FE192EB007B2948 /* 刷新控件UITests */,
				A65E89E41FE192EB007B2948 /* Products */,
			);
			sourceTree = "<group>";
		};
		A65E89E41FE192EB007B2948 /* Products */ = {
			isa = PBXGroup;
			children = (
				A65E89E31FE192EB007B2948 /* 刷新控件.app */,
				A65E89F71FE192EB007B2948 /* 刷新控件Tests.xctest */,
				A65E8A021FE192EB007B2948 /* 刷新控件UITests.xctest */,
			);
			name = Products;
			sourceTree = "<group>";
		};
		A65E89E51FE192EB007B2948 /* 刷新控件 */ = {
			isa = PBXGroup;
			children = (
				A652F5C51FE29DF000CCBD92 /* HGRefreshControl */,
				A65E89E61FE192EB007B2948 /* AppDelegate.swift */,
				A65E89E81FE192EB007B2948 /* ViewController.swift */,
				A65E89EA1FE192EB007B2948 /* Main.storyboard */,
				A65E89ED1FE192EB007B2948 /* Assets.xcassets */,
				A65E89EF1FE192EB007B2948 /* LaunchScreen.storyboard */,
				A65E89F21FE192EB007B2948 /* Info.plist */,
			);
			path = "刷新控件";
			sourceTree = "<group>";
		};
		A65E89FA1FE192EB007B2948 /* 刷新控件Tests */ = {
			isa = PBXGroup;
			children = (
				A65E89FB1FE192EB007B2948 /* ____Tests.swift */,
				A65E89FD1FE192EB007B2948 /* Info.plist */,
			);
			path = "刷新控件Tests";
			sourceTree = "<group>";
		};
		A65E8A051FE192EB007B2948 /* 刷新控件UITests */ = {
			isa = PBXGroup;
			children = (
				A65E8A061FE192EB007B2948 /* ____UITests.swift */,
				A65E8A081FE192EB007B2948 /* Info.plist */,
			);
			path = "刷新控件UITests";
			sourceTree = "<group>";
		};
/* End PBXGroup section */

/* Begin PBXNativeTarget section */
		A65E89E21FE192EB007B2948 /* 刷新控件 */ = {
			isa = PBXNativeTarget;
			buildConfigurationList = A65E8A0B1FE192EB007B2948 /* Build configuration list for PBXNativeTarget "刷新控件" */;
			buildPhases = (
				A65E89DF1FE192EB007B2948 /* Sources */,
				A65E89E01FE192EB007B2948 /* Frameworks */,
				A65E89E11FE192EB007B2948 /* Resources */,
			);
			buildRules = (
			);
			dependencies = (
			);
			name = "刷新控件";
			productName = "刷新控件";
			productReference = A65E89E31FE192EB007B2948 /* 刷新控件.app */;
			productType = "com.apple.product-type.application";
		};
		A65E89F61FE192EB007B2948 /* 刷新控件Tests */ = {
			isa = PBXNativeTarget;
			buildConfigurationList = A65E8A0E1FE192EB007B2948 /* Build configuration list for PBXNativeTarget "刷新控件Tests" */;
			buildPhases = (
				A65E89F31FE192EB007B2948 /* Sources */,
				A65E89F41FE192EB007B2948 /* Frameworks */,
				A65E89F51FE192EB007B2948 /* Resources */,
			);
			buildRules = (
			);
			dependencies = (
				A65E89F91FE192EB007B2948 /* PBXTargetDependency */,
			);
			name = "刷新控件Tests";
			productName = "刷新控件Tests";
			productReference = A65E89F71FE192EB007B2948 /* 刷新控件Tests.xctest */;
			productType = "com.apple.product-type.bundle.unit-test";
		};
		A65E8A011FE192EB007B2948 /* 刷新控件UITests */ = {
			isa = PBXNativeTarget;
			buildConfigurationList = A65E8A111FE192EB007B2948 /* Build configuration list for PBXNativeTarget "刷新控件UITests" */;
			buildPhases = (
				A65E89FE1FE192EB007B2948 /* Sources */,
				A65E89FF1FE192EB007B2948 /* Frameworks */,
				A65E8A001FE192EB007B2948 /* Resources */,
			);
			buildRules = (
			);
			dependencies = (
				A65E8A041FE192EB007B2948 /* PBXTargetDependency */,
			);
			name = "刷新控件UITests";
			productName = "刷新控件UITests";
			productReference = A65E8A021FE192EB007B2948 /* 刷新控件UITests.xctest */;
			productType = "com.apple.product-type.bundle.ui-testing";
		};
/* End PBXNativeTarget section */

/* Begin PBXProject section */
		A65E89DB1FE192EB007B2948 /* Project object */ = {
			isa = PBXProject;
			attributes = {
				LastSwiftUpdateCheck = 0830;
				LastUpgradeCheck = 0830;
				ORGANIZATIONNAME = jyh;
				TargetAttributes = {
					A65E89E21FE192EB007B2948 = {
						CreatedOnToolsVersion = 8.3.3;
						DevelopmentTeam = ZML32S4D5M;
						ProvisioningStyle = Automatic;
					};
					A65E89F61FE192EB007B2948 = {
						CreatedOnToolsVersion = 8.3.3;
						DevelopmentTeam = ZML32S4D5M;
						ProvisioningStyle = Automatic;
						TestTargetID = A65E89E21FE192EB007B2948;
					};
					A65E8A011FE192EB007B2948 = {
						CreatedOnToolsVersion = 8.3.3;
						DevelopmentTeam = ZML32S4D5M;
						ProvisioningStyle = Automatic;
						TestTargetID = A65E89E21FE192EB007B2948;
					};
				};
			};
			buildConfigurationList = A65E89DE1FE192EB007B2948 /* Build configuration list for PBXProject "刷新控件" */;
			compatibilityVersion = "Xcode 3.2";
			developmentRegion = English;
			hasScannedForEncodings = 0;
			knownRegions = (
				en,
				Base,
			);
			mainGroup = A65E89DA1FE192EB007B2948;
			productRefGroup = A65E89E41FE192EB007B2948 /* Products */;
			projectDirPath = "";
			projectRoot = "";
			targets = (
				A65E89E21FE192EB007B2948 /* 刷新控件 */,
				A65E89F61FE192EB007B2948 /* 刷新控件Tests */,
				A65E8A011FE192EB007B2948 /* 刷新控件UITests */,
			);
		};
/* End PBXProject section */

/* Begin PBXResourcesBuildPhase section */
		A65E89E11FE192EB007B2948 /* Resources */ = {
			isa = PBXResourcesBuildPhase;
			buildActionMask = 2147483647;
			files = (
				A65E89F11FE192EB007B2948 /* LaunchScreen.storyboard in Resources */,
				A65E89EE1FE192EB007B2948 /* Assets.xcassets in Resources */,
				A65E89EC1FE192EB007B2948 /* Main.storyboard in Resources */,
				A652F5CB1FE29DF000CCBD92 /* HGRefreshView.xib in Resources */,
				A652F5CD1FE29F3800CCBD92 /* HGHumanRefreshView.xib in Resources */,
				A652F5D11FE2A16100CCBD92 /* HGMTRefreshView.xib in Resources */,
			);
			runOnlyForDeploymentPostprocessing = 0;
		};
		A65E89F51FE192EB007B2948 /* Resources */ = {
			isa = PBXResourcesBuildPhase;
			buildActionMask = 2147483647;
			files = (
			);
			runOnlyForDeploymentPostprocessing = 0;
		};
		A65E8A001FE192EB007B2948 /* Resources */ = {
			isa = PBXResourcesBuildPhase;
			buildActionMask = 2147483647;
			files = (
			);
			runOnlyForDeploymentPostprocessing = 0;
		};
/* End PBXResourcesBuildPhase section */

/* Begin PBXSourcesBuildPhase section */
		A65E89DF1FE192EB007B2948 /* Sources */ = {
			isa = PBXSourcesBuildPhase;
			buildActionMask = 2147483647;
			files = (
				A652F5C91FE29DF000CCBD92 /* HGRefreshControl.swift in Sources */,
				A652F5D31FE2A28700CCBD92 /* HGMTRefreshView.swift in Sources */,
				A65E89E91FE192EB007B2948 /* ViewController.swift in Sources */,
				A65E89E71FE192EB007B2948 /* AppDelegate.swift in Sources */,
				A652F5CA1FE29DF000CCBD92 /* HGRefreshView.swift in Sources */,
			);
			runOnlyForDeploymentPostprocessing = 0;
		};
		A65E89F31FE192EB007B2948 /* Sources */ = {
			isa = PBXSourcesBuildPhase;
			buildActionMask = 2147483647;
			files = (
				A65E89FC1FE192EB007B2948 /* ____Tests.swift in Sources */,
			);
			runOnlyForDeploymentPostprocessing = 0;
		};
		A65E89FE1FE192EB007B2948 /* Sources */ = {
			isa = PBXSourcesBuildPhase;
			buildActionMask = 2147483647;
			files = (
				A65E8A071FE192EB007B2948 /* ____UITests.swift in Sources */,
			);
			runOnlyForDeploymentPostprocessing = 0;
		};
/* End PBXSourcesBuildPhase section */

/* Begin PBXTargetDependency section */
		A65E89F91FE192EB007B2948 /* PBXTargetDependency */ = {
			isa = PBXTargetDependency;
			target = A65E89E21FE192EB007B2948 /* 刷新控件 */;
			targetProxy = A65E89F81FE192EB007B2948 /* PBXContainerItemProxy */;
		};
		A65E8A041FE192EB007B2948 /* PBXTargetDependency */ = {
			isa = PBXTargetDependency;
			target = A65E89E21FE192EB007B2948 /* 刷新控件 */;
			targetProxy = A65E8A031FE192EB007B2948 /* PBXContainerItemProxy */;
		};
/* End PBXTargetDependency section */

/* Begin PBXVariantGroup section */
		A65E89EA1FE192EB007B2948 /* Main.storyboard */ = {
			isa = PBXVariantGroup;
			children = (
				A65E89EB1FE192EB007B2948 /* Base */,
			);
			name = Main.storyboard;
			sourceTree = "<group>";
		};
		A65E89EF1FE192EB007B2948 /* LaunchScreen.storyboard */ = {
			isa = PBXVariantGroup;
			children = (
				A65E89F01FE192EB007B2948 /* Base */,
			);
			name = LaunchScreen.storyboard;
			sourceTree = "<group>";
		};
/* End PBXVariantGroup section */

/* Begin XCBuildConfiguration section */
		A65E8A091FE192EB007B2948 /* Debug */ = {
			isa = XCBuildConfiguration;
			buildSettings = {
				ALWAYS_SEARCH_USER_PATHS = NO;
				CLANG_ANALYZER_NONNULL = YES;
				CLANG_ANALYZER_NUMBER_OBJECT_CONVERSION = YES_AGGRESSIVE;
				CLANG_CXX_LANGUAGE_STANDARD = "gnu++0x";
				CLANG_CXX_LIBRARY = "libc++";
				CLANG_ENABLE_MODULES = YES;
				CLANG_ENABLE_OBJC_ARC = YES;
				CLANG_WARN_BOOL_CONVERSION = YES;
				CLANG_WARN_CONSTANT_CONVERSION = YES;
				CLANG_WARN_DIRECT_OBJC_ISA_USAGE = YES_ERROR;
				CLANG_WARN_DOCUMENTATION_COMMENTS = YES;
				CLANG_WARN_EMPTY_BODY = YES;
				CLANG_WARN_ENUM_CONVERSION = YES;
				CLANG_WARN_INFINITE_RECURSION = YES;
				CLANG_WARN_INT_CONVERSION = YES;
				CLANG_WARN_OBJC_ROOT_CLASS = YES_ERROR;
				CLANG_WARN_SUSPICIOUS_MOVE = YES;
				CLANG_WARN_UNREACHABLE_CODE = YES;
				CLANG_WARN__DUPLICATE_METHOD_MATCH = YES;
				"CODE_SIGN_IDENTITY[sdk=iphoneos*]" = "iPhone Developer";
				COPY_PHASE_STRIP = NO;
				DEBUG_INFORMATION_FORMAT = dwarf;
				ENABLE_STRICT_OBJC_MSGSEND = YES;
				ENABLE_TESTABILITY = YES;
				GCC_C_LANGUAGE_STANDARD = gnu99;
				GCC_DYNAMIC_NO_PIC = NO;
				GCC_NO_COMMON_BLOCKS = YES;
				GCC_OPTIMIZATION_LEVEL = 0;
				GCC_PREPROCESSOR_DEFINITIONS = (
					"DEBUG=1",
					"$(inherited)",
				);
				GCC_WARN_64_TO_32_BIT_CONVERSION = YES;
				GCC_WARN_ABOUT_RETURN_TYPE = YES_ERROR;
				GCC_WARN_UNDECLARED_SELECTOR = YES;
				GCC_WARN_UNINITIALIZED_AUTOS = YES_AGGRESSIVE;
				GCC_WARN_UNUSED_FUNCTION = YES;
				GCC_WARN_UNUSED_VARIABLE = YES;
				IPHONEOS_DEPLOYMENT_TARGET = 10.3;
				MTL_ENABLE_DEBUG_INFO = YES;
				ONLY_ACTIVE_ARCH = YES;
				SDKROOT = iphoneos;
				SWIFT_ACTIVE_COMPILATION_CONDITIONS = DEBUG;
				SWIFT_OPTIMIZATION_LEVEL = "-Onone";
			};
			name = Debug;
		};
		A65E8A0A1FE192EB007B2948 /* Release */ = {
			isa = XCBuildConfiguration;
			buildSettings = {
				ALWAYS_SEARCH_USER_PATHS = NO;
				CLANG_ANALYZER_NONNULL = YES;
				CLANG_ANALYZER_NUMBER_OBJECT_CONVERSION = YES_AGGRESSIVE;
				CLANG_CXX_LANGUAGE_STANDARD = "gnu++0x";
				CLANG_CXX_LIBRARY = "libc++";
				CLANG_ENABLE_MODULES = YES;
				CLANG_ENABLE_OBJC_ARC = YES;
				CLANG_WARN_BOOL_CONVERSION = YES;
				CLANG_WARN_CONSTANT_CONVERSION = YES;
				CLANG_WARN_DIRECT_OBJC_ISA_USAGE = YES_ERROR;
				CLANG_WARN_DOCUMENTATION_COMMENTS = YES;
				CLANG_WARN_EMPTY_BODY = YES;
				CLANG_WARN_ENUM_CONVERSION = YES;
				CLANG_WARN_INFINITE_RECURSION = YES;
				CLANG_WARN_INT_CONVERSION = YES;
				CLANG_WARN_OBJC_ROOT_CLASS = YES_ERROR;
				CLANG_WARN_SUSPICIOUS_MOVE = YES;
				CLANG_WARN_UNREACHABLE_CODE = YES;
				CLANG_WARN__DUPLICATE_METHOD_MATCH = YES;
				"CODE_SIGN_IDENTITY[sdk=iphoneos*]" = "iPhone Developer";
				COPY_PHASE_STRIP = NO;
				DEBUG_INFORMATION_FORMAT = "dwarf-with-dsym";
				ENABLE_NS_ASSERTIONS = NO;
				ENABLE_STRICT_OBJC_MSGSEND = YES;
				GCC_C_LANGUAGE_STANDARD = gnu99;
				GCC_NO_COMMON_BLOCKS = YES;
				GCC_WARN_64_TO_32_BIT_CONVERSION = YES;
				GCC_WARN_ABOUT_RETURN_TYPE = YES_ERROR;
				GCC_WARN_UNDECLARED_SELECTOR = YES;
				GCC_WARN_UNINITIALIZED_AUTOS = YES_AGGRESSIVE;
				GCC_WARN_UNUSED_FUNCTION = YES;
				GCC_WARN_UNUSED_VARIABLE = YES;
				IPHONEOS_DEPLOYMENT_TARGET = 10.3;
				MTL_ENABLE_DEBUG_INFO = NO;
				SDKROOT = iphoneos;
				SWIFT_OPTIMIZATION_LEVEL = "-Owholemodule";
				VALIDATE_PRODUCT = YES;
			};
			name = Release;
		};
		A65E8A0C1FE192EB007B2948 /* Debug */ = {
			isa = XCBuildConfiguration;
			buildSettings = {
				ASSETCATALOG_COMPILER_APPICON_NAME = AppIcon;
				DEVELOPMENT_TEAM = ZML32S4D5M;
				INFOPLIST_FILE = "刷新控件/Info.plist";
				LD_RUNPATH_SEARCH_PATHS = "$(inherited) @executable_path/Frameworks";
				PRODUCT_BUNDLE_IDENTIFIER = "com.huihui.----";
				PRODUCT_NAME = "$(TARGET_NAME)";
				SWIFT_VERSION = 3.0;
			};
			name = Debug;
		};
		A65E8A0D1FE192EB007B2948 /* Release */ = {
			isa = XCBuildConfiguration;
			buildSettings = {
				ASSETCATALOG_COMPILER_APPICON_NAME = AppIcon;
				DEVELOPMENT_TEAM = ZML32S4D5M;
				INFOPLIST_FILE = "刷新控件/Info.plist";
				LD_RUNPATH_SEARCH_PATHS = "$(inherited) @executable_path/Frameworks";
				PRODUCT_BUNDLE_IDENTIFIER = "com.huihui.----";
				PRODUCT_NAME = "$(TARGET_NAME)";
				SWIFT_VERSION = 3.0;
			};
			name = Release;
		};
		A65E8A0F1FE192EB007B2948 /* Debug */ = {
			isa = XCBuildConfiguration;
			buildSettings = {
				ALWAYS_EMBED_SWIFT_STANDARD_LIBRARIES = YES;
				BUNDLE_LOADER = "$(TEST_HOST)";
				DEVELOPMENT_TEAM = ZML32S4D5M;
				INFOPLIST_FILE = "刷新控件Tests/Info.plist";
				LD_RUNPATH_SEARCH_PATHS = "$(inherited) @executable_path/Frameworks @loader_path/Frameworks";
				PRODUCT_BUNDLE_IDENTIFIER = "com.huihui.----Tests";
				PRODUCT_NAME = "$(TARGET_NAME)";
				SWIFT_VERSION = 3.0;
				TEST_HOST = "$(BUILT_PRODUCTS_DIR)/刷新控件.app/刷新控件";
			};
			name = Debug;
		};
		A65E8A101FE192EB007B2948 /* Release */ = {
			isa = XCBuildConfiguration;
			buildSettings = {
				ALWAYS_EMBED_SWIFT_STANDARD_LIBRARIES = YES;
				BUNDLE_LOADER = "$(TEST_HOST)";
				DEVELOPMENT_TEAM = ZML32S4D5M;
				INFOPLIST_FILE = "刷新控件Tests/Info.plist";
				LD_RUNPATH_SEARCH_PATHS = "$(inherited) @executable_path/Frameworks @loader_path/Frameworks";
				PRODUCT_BUNDLE_IDENTIFIER = "com.huihui.----Tests";
				PRODUCT_NAME = "$(TARGET_NAME)";
				SWIFT_VERSION = 3.0;
				TEST_HOST = "$(BUILT_PRODUCTS_DIR)/刷新控件.app/刷新控件";
			};
			name = Release;
		};
		A65E8A121FE192EB007B2948 /* Debug */ = {
			isa = XCBuildConfiguration;
			buildSettings = {
				ALWAYS_EMBED_SWIFT_STANDARD_LIBRARIES = YES;
				DEVELOPMENT_TEAM = ZML32S4D5M;
				INFOPLIST_FILE = "刷新控件UITests/Info.plist";
				LD_RUNPATH_SEARCH_PATHS = "$(inherited) @executable_path/Frameworks @loader_path/Frameworks";
				PRODUCT_BUNDLE_IDENTIFIER = "com.huihui.----UITests";
				PRODUCT_NAME = "$(TARGET_NAME)";
				SWIFT_VERSION = 3.0;
				TEST_TARGET_NAME = "刷新控件";
			};
			name = Debug;
		};
		A65E8A131FE192EB007B2948 /* Release */ = {
			isa = XCBuildConfiguration;
			buildSettings = {
				ALWAYS_EMBED_SWIFT_STANDARD_LIBRARIES = YES;
				DEVELOPMENT_TEAM = ZML32S4D5M;
				INFOPLIST_FILE = "刷新控件UITests/Info.plist";
				LD_RUNPATH_SEARCH_PATHS = "$(inherited) @executable_path/Frameworks @loader_path/Frameworks";
				PRODUCT_BUNDLE_IDENTIFIER = "com.huihui.----UITests";
				PRODUCT_NAME = "$(TARGET_NAME)";
				SWIFT_VERSION = 3.0;
				TEST_TARGET_NAME = "刷新控件";
			};
			name = Release;
		};
/* End XCBuildConfiguration section */

/* Begin XCConfigurationList section */
		A65E89DE1FE192EB007B2948 /* Build configuration list for PBXProject "刷新控件" */ = {
			isa = XCConfigurationList;
			buildConfigurations = (
				A65E8A091FE192EB007B2948 /* Debug */,
				A65E8A0A1FE192EB007B2948 /* Release */,
			);
			defaultConfigurationIsVisible = 0;
			defaultConfigurationName = Release;
		};
		A65E8A0B1FE192EB007B2948 /* Build configuration list for PBXNativeTarget "刷新控件" */ = {
			isa = XCConfigurationList;
			buildConfigurations = (
				A65E8A0C1FE192EB007B2948 /* Debug */,
				A65E8A0D1FE192EB007B2948 /* Release */,
			);
			defaultConfigurationIsVisible = 0;
			defaultConfigurationName = Release;
		};
		A65E8A0E1FE192EB007B2948 /* Build configuration list for PBXNativeTarget "刷新控件Tests" */ = {
			isa = XCConfigurationList;
			buildConfigurations = (
				A65E8A0F1FE192EB007B2948 /* Debug */,
				A65E8A101FE192EB007B2948 /* Release */,
			);
			defaultConfigurationIsVisible = 0;
			defaultConfigurationName = Release;
		};
		A65E8A111FE192EB007B2948 /* Build configuration list for PBXNativeTarget "刷新控件UITests" */ = {
			isa = XCConfigurationList;
			buildConfigurations = (
				A65E8A121FE192EB007B2948 /* Debug */,
				A65E8A131FE192EB007B2948 /* Release */,
			);
			defaultConfigurationIsVisible = 0;
			defaultConfigurationName = Release;
		};
/* End XCConfigurationList section */
	};
	rootObject = A65E89DB1FE192EB007B2948 /* Project object */;
}
