// !$*UTF8*$!
{
	archiveVersion = 1;
	classes = {
	};
	objectVersion = 46;
	objects = {

/* Begin PBXBuildFile section */
		A6216D3F1FE3C9DE003D3C37 /* main.m in Sources */ = {isa = PBXBuildFile; fileRef = A6216D3E1FE3C9DE003D3C37 /* main.m */; };
		A6216D421FE3C9DE003D3C37 /* AppDelegate.m in Sources */ = {isa = PBXBuildFile; fileRef = A6216D411FE3C9DE003D3C37 /* AppDelegate.m */; };
		A6216D451FE3C9DE003D3C37 /* ViewController.m in Sources */ = {isa = PBXBuildFile; fileRef = A6216D441FE3C9DE003D3C37 /* ViewController.m */; };
		A6216D481FE3C9DE003D3C37 /* Main.storyboard in Resources */ = {isa = PBXBuildFile; fileRef = A6216D461FE3C9DE003D3C37 /* Main.storyboard */; };
		A6216D4A1FE3C9DE003D3C37 /* Assets.xcassets in Resources */ = {isa = PBXBuildFile; fileRef = A6216D491FE3C9DE003D3C37 /* Assets.xcassets */; };
		A6216D4D1FE3C9DE003D3C37 /* LaunchScreen.storyboard in Resources */ = {isa = PBXBuildFile; fileRef = A6216D4B1FE3C9DE003D3C37 /* LaunchScreen.storyboard */; };
		A6216D581FE3C9DE003D3C37 /* OC______Tests.m in Sources */ = {isa = PBXBuildFile; fileRef = A6216D571FE3C9DE003D3C37 /* OC______Tests.m */; };
		A6216D631FE3C9DE003D3C37 /* OC______UITests.m in Sources */ = {isa = PBXBuildFile; fileRef = A6216D621FE3C9DE003D3C37 /* OC______UITests.m */; };
/* End PBXBuildFile section */

/* Begin PBXContainerItemProxy section */
		A6216D541FE3C9DE003D3C37 /* PBXContainerItemProxy */ = {
			isa = PBXContainerItemProxy;
			containerPortal = A6216D321FE3C9DE003D3C37 /* Project object */;
			proxyType = 1;
			remoteGlobalIDString = A6216D391FE3C9DE003D3C37;
			remoteInfo = "OC图文混排复习";
		};
		A6216D5F1FE3C9DE003D3C37 /* PBXContainerItemProxy */ = {
			isa = PBXContainerItemProxy;
			containerPortal = A6216D321FE3C9DE003D3C37 /* Project object */;
			proxyType = 1;
			remoteGlobalIDString = A6216D391FE3C9DE003D3C37;
			remoteInfo = "OC图文混排复习";
		};
/* End PBXContainerItemProxy section */

/* Begin PBXFileReference section */
		A6216D3A1FE3C9DE003D3C37 /* OC图文混排复习.app */ = {isa = PBXFileReference; explicitFileType = wrapper.application; includeInIndex = 0; path = "OC图文混排复习.app"; sourceTree = BUILT_PRODUCTS_DIR; };
		A6216D3E1FE3C9DE003D3C37 /* main.m */ = {isa = PBXFileReference; lastKnownFileType = sourcecode.c.objc; path = main.m; sourceTree = "<group>"; };
		A6216D401FE3C9DE003D3C37 /* AppDelegate.h */ = {isa = PBXFileReference; lastKnownFileType = sourcecode.c.h; path = AppDelegate.h; sourceTree = "<group>"; };
		A6216D411FE3C9DE003D3C37 /* AppDelegate.m */ = {isa = PBXFileReference; lastKnownFileType = sourcecode.c.objc; path = AppDelegate.m; sourceTree = "<group>"; };
		A6216D431FE3C9DE003D3C37 /* ViewController.h */ = {isa = PBXFileReference; lastKnownFileType = sourcecode.c.h; path = ViewController.h; sourceTree = "<group>"; };
		A6216D441FE3C9DE003D3C37 /* ViewController.m */ = {isa = PBXFileReference; lastKnownFileType = sourcecode.c.objc; path = ViewController.m; sourceTree = "<group>"; };
		A6216D471FE3C9DE003D3C37 /* Base */ = {isa = PBXFileReference; lastKnownFileType = file.storyboard; name = Base; path = Base.lproj/Main.storyboard; sourceTree = "<group>"; };
		A6216D491FE3C9DE003D3C37 /* Assets.xcassets */ = {isa = PBXFileReference; lastKnownFileType = folder.assetcatalog; path = Assets.xcassets; sourceTree = "<group>"; };
		A6216D4C1FE3C9DE003D3C37 /* Base */ = {isa = PBXFileReference; lastKnownFileType = file.storyboard; name = Base; path = Base.lproj/LaunchScreen.storyboard; sourceTree = "<group>"; };
		A6216D4E1FE3C9DE003D3C37 /* Info.plist */ = {isa = PBXFileReference; lastKnownFileType = text.plist.xml; path = Info.plist; sourceTree = "<group>"; };
		A6216D531FE3C9DE003D3C37 /* OC图文混排复习Tests.xctest */ = {isa = PBXFileReference; explicitFileType = wrapper.cfbundle; includeInIndex = 0; path = "OC图文混排复习Tests.xctest"; sourceTree = BUILT_PRODUCTS_DIR; };
		A6216D571FE3C9DE003D3C37 /* OC______Tests.m */ = {isa = PBXFileReference; lastKnownFileType = sourcecode.c.objc; path = "OC______Tests.m"; sourceTree = "<group>"; };
		A6216D591FE3C9DE003D3C37 /* Info.plist */ = {isa = PBXFileReference; lastKnownFileType = text.plist.xml; path = Info.plist; sourceTree = "<group>"; };
		A6216D5E1FE3C9DE003D3C37 /* OC图文混排复习UITests.xctest */ = {isa = PBXFileReference; explicitFileType = wrapper.cfbundle; includeInIndex = 0; path = "OC图文混排复习UITests.xctest"; sourceTree = BUILT_PRODUCTS_DIR; };
		A6216D621FE3C9DE003D3C37 /* OC______UITests.m */ = {isa = PBXFileReference; lastKnownFileType = sourcecode.c.objc; path = "OC______UITests.m"; sourceTree = "<group>"; };
		A6216D641FE3C9DE003D3C37 /* Info.plist */ = {isa = PBXFileReference; lastKnownFileType = text.plist.xml; path = Info.plist; sourceTree = "<group>"; };
/* End PBXFileReference section */

/* Begin PBXFrameworksBuildPhase section */
		A6216D371FE3C9DE003D3C37 /* Frameworks */ = {
			isa = PBXFrameworksBuildPhase;
			buildActionMask = 2147483647;
			files = (
			);
			runOnlyForDeploymentPostprocessing = 0;
		};
		A6216D501FE3C9DE003D3C37 /* Frameworks */ = {
			isa = PBXFrameworksBuildPhase;
			buildActionMask = 2147483647;
			files = (
			);
			runOnlyForDeploymentPostprocessing = 0;
		};
		A6216D5B1FE3C9DE003D3C37 /* Frameworks */ = {
			isa = PBXFrameworksBuildPhase;
			buildActionMask = 2147483647;
			files = (
			);
			runOnlyForDeploymentPostprocessing = 0;
		};
/* End PBXFrameworksBuildPhase section */

/* Begin PBXGroup section */
		A6216D311FE3C9DE003D3C37 = {
			isa = PBXGroup;
			children = (
				A6216D3C1FE3C9DE003D3C37 /* OC图文混排复习 */,
				A6216D561FE3C9DE003D3C37 /* OC图文混排复习Tests */,
				A6216D611FE3C9DE003D3C37 /* OC图文混排复习UITests */,
				A6216D3B1FE3C9DE003D3C37 /* Products */,
			);
			sourceTree = "<group>";
		};
		A6216D3B1FE3C9DE003D3C37 /* Products */ = {
			isa = PBXGroup;
			children = (
				A6216D3A1FE3C9DE003D3C37 /* OC图文混排复习.app */,
				A6216D531FE3C9DE003D3C37 /* OC图文混排复习Tests.xctest */,
				A6216D5E1FE3C9DE003D3C37 /* OC图文混排复习UITests.xctest */,
			);
			name = Products;
			sourceTree = "<group>";
		};
		A6216D3C1FE3C9DE003D3C37 /* OC图文混排复习 */ = {
			isa = PBXGroup;
			children = (
				A6216D401FE3C9DE003D3C37 /* AppDelegate.h */,
				A6216D411FE3C9DE003D3C37 /* AppDelegate.m */,
				A6216D431FE3C9DE003D3C37 /* ViewController.h */,
				A6216D441FE3C9DE003D3C37 /* ViewController.m */,
				A6216D461FE3C9DE003D3C37 /* Main.storyboard */,
				A6216D491FE3C9DE003D3C37 /* Assets.xcassets */,
				A6216D4B1FE3C9DE003D3C37 /* LaunchScreen.storyboard */,
				A6216D4E1FE3C9DE003D3C37 /* Info.plist */,
				A6216D3D1FE3C9DE003D3C37 /* Supporting Files */,
			);
			path = "OC图文混排复习";
			sourceTree = "<group>";
		};
		A6216D3D1FE3C9DE003D3C37 /* Supporting Files */ = {
			isa = PBXGroup;
			children = (
				A6216D3E1FE3C9DE003D3C37 /* main.m */,
			);
			name = "Supporting Files";
			sourceTree = "<group>";
		};
		A6216D561FE3C9DE003D3C37 /* OC图文混排复习Tests */ = {
			isa = PBXGroup;
			children = (
				A6216D571FE3C9DE003D3C37 /* OC______Tests.m */,
				A6216D591FE3C9DE003D3C37 /* Info.plist */,
			);
			path = "OC图文混排复习Tests";
			sourceTree = "<group>";
		};
		A6216D611FE3C9DE003D3C37 /* OC图文混排复习UITests */ = {
			isa = PBXGroup;
			children = (
				A6216D621FE3C9DE003D3C37 /* OC______UITests.m */,
				A6216D641FE3C9DE003D3C37 /* Info.plist */,
			);
			path = "OC图文混排复习UITests";
			sourceTree = "<group>";
		};
/* End PBXGroup section */

/* Begin PBXNativeTarget section */
		A6216D391FE3C9DE003D3C37 /* OC图文混排复习 */ = {
			isa = PBXNativeTarget;
			buildConfigurationList = A6216D671FE3C9DE003D3C37 /* Build configuration list for PBXNativeTarget "OC图文混排复习" */;
			buildPhases = (
				A6216D361FE3C9DE003D3C37 /* Sources */,
				A6216D371FE3C9DE003D3C37 /* Frameworks */,
				A6216D381FE3C9DE003D3C37 /* Resources */,
			);
			buildRules = (
			);
			dependencies = (
			);
			name = "OC图文混排复习";
			productName = "OC图文混排复习";
			productReference = A6216D3A1FE3C9DE003D3C37 /* OC图文混排复习.app */;
			productType = "com.apple.product-type.application";
		};
		A6216D521FE3C9DE003D3C37 /* OC图文混排复习Tests */ = {
			isa = PBXNativeTarget;
			buildConfigurationList = A6216D6A1FE3C9DE003D3C37 /* Build configuration list for PBXNativeTarget "OC图文混排复习Tests" */;
			buildPhases = (
				A6216D4F1FE3C9DE003D3C37 /* Sources */,
				A6216D501FE3C9DE003D3C37 /* Frameworks */,
				A6216D511FE3C9DE003D3C37 /* Resources */,
			);
			buildRules = (
			);
			dependencies = (
				A6216D551FE3C9DE003D3C37 /* PBXTargetDependency */,
			);
			name = "OC图文混排复习Tests";
			productName = "OC图文混排复习Tests";
			productReference = A6216D531FE3C9DE003D3C37 /* OC图文混排复习Tests.xctest */;
			productType = "com.apple.product-type.bundle.unit-test";
		};
		A6216D5D1FE3C9DE003D3C37 /* OC图文混排复习UITests */ = {
			isa = PBXNativeTarget;
			buildConfigurationList = A6216D6D1FE3C9DE003D3C37 /* Build configuration list for PBXNativeTarget "OC图文混排复习UITests" */;
			buildPhases = (
				A6216D5A1FE3C9DE003D3C37 /* Sources */,
				A6216D5B1FE3C9DE003D3C37 /* Frameworks */,
				A6216D5C1FE3C9DE003D3C37 /* Resources */,
			);
			buildRules = (
			);
			dependencies = (
				A6216D601FE3C9DE003D3C37 /* PBXTargetDependency */,
			);
			name = "OC图文混排复习UITests";
			productName = "OC图文混排复习UITests";
			productReference = A6216D5E1FE3C9DE003D3C37 /* OC图文混排复习UITests.xctest */;
			productType = "com.apple.product-type.bundle.ui-testing";
		};
/* End PBXNativeTarget section */

/* Begin PBXProject section */
		A6216D321FE3C9DE003D3C37 /* Project object */ = {
			isa = PBXProject;
			attributes = {
				LastUpgradeCheck = 0830;
				ORGANIZATIONNAME = jyh;
				TargetAttributes = {
					A6216D391FE3C9DE003D3C37 = {
						CreatedOnToolsVersion = 8.3.3;
						DevelopmentTeam = ZML32S4D5M;
						ProvisioningStyle = Automatic;
					};
					A6216D521FE3C9DE003D3C37 = {
						CreatedOnToolsVersion = 8.3.3;
						DevelopmentTeam = ZML32S4D5M;
						ProvisioningStyle = Automatic;
						TestTargetID = A6216D391FE3C9DE003D3C37;
					};
					A6216D5D1FE3C9DE003D3C37 = {
						CreatedOnToolsVersion = 8.3.3;
						DevelopmentTeam = ZML32S4D5M;
						ProvisioningStyle = Automatic;
						TestTargetID = A6216D391FE3C9DE003D3C37;
					};
				};
			};
			buildConfigurationList = A6216D351FE3C9DE003D3C37 /* Build configuration list for PBXProject "OC图文混排复习" */;
			compatibilityVersion = "Xcode 3.2";
			developmentRegion = English;
			hasScannedForEncodings = 0;
			knownRegions = (
				en,
				Base,
			);
			mainGroup = A6216D311FE3C9DE003D3C37;
			productRefGroup = A6216D3B1FE3C9DE003D3C37 /* Products */;
			projectDirPath = "";
			projectRoot = "";
			targets = (
				A6216D391FE3C9DE003D3C37 /* OC图文混排复习 */,
				A6216D521FE3C9DE003D3C37 /* OC图文混排复习Tests */,
				A6216D5D1FE3C9DE003D3C37 /* OC图文混排复习UITests */,
			);
		};
/* End PBXProject section */

/* Begin PBXResourcesBuildPhase section */
		A6216D381FE3C9DE003D3C37 /* Resources */ = {
			isa = PBXResourcesBuildPhase;
			buildActionMask = 2147483647;
			files = (
				A6216D4D1FE3C9DE003D3C37 /* LaunchScreen.storyboard in Resources */,
				A6216D4A1FE3C9DE003D3C37 /* Assets.xcassets in Resources */,
				A6216D481FE3C9DE003D3C37 /* Main.storyboard in Resources */,
			);
			runOnlyForDeploymentPostprocessing = 0;
		};
		A6216D511FE3C9DE003D3C37 /* Resources */ = {
			isa = PBXResourcesBuildPhase;
			buildActionMask = 2147483647;
			files = (
			);
			runOnlyForDeploymentPostprocessing = 0;
		};
		A6216D5C1FE3C9DE003D3C37 /* Resources */ = {
			isa = PBXResourcesBuildPhase;
			buildActionMask = 2147483647;
			files = (
			);
			runOnlyForDeploymentPostprocessing = 0;
		};
/* End PBXResourcesBuildPhase section */

/* Begin PBXSourcesBuildPhase section */
		A6216D361FE3C9DE003D3C37 /* Sources */ = {
			isa = PBXSourcesBuildPhase;
			buildActionMask = 2147483647;
			files = (
				A6216D451FE3C9DE003D3C37 /* ViewController.m in Sources */,
				A6216D421FE3C9DE003D3C37 /* AppDelegate.m in Sources */,
				A6216D3F1FE3C9DE003D3C37 /* main.m in Sources */,
			);
			runOnlyForDeploymentPostprocessing = 0;
		};
		A6216D4F1FE3C9DE003D3C37 /* Sources */ = {
			isa = PBXSourcesBuildPhase;
			buildActionMask = 2147483647;
			files = (
				A6216D581FE3C9DE003D3C37 /* OC______Tests.m in Sources */,
			);
			runOnlyForDeploymentPostprocessing = 0;
		};
		A6216D5A1FE3C9DE003D3C37 /* Sources */ = {
			isa = PBXSourcesBuildPhase;
			buildActionMask = 2147483647;
			files = (
				A6216D631FE3C9DE003D3C37 /* OC______UITests.m in Sources */,
			);
			runOnlyForDeploymentPostprocessing = 0;
		};
/* End PBXSourcesBuildPhase section */

/* Begin PBXTargetDependency section */
		A6216D551FE3C9DE003D3C37 /* PBXTargetDependency */ = {
			isa = PBXTargetDependency;
			target = A6216D391FE3C9DE003D3C37 /* OC图文混排复习 */;
			targetProxy = A6216D541FE3C9DE003D3C37 /* PBXContainerItemProxy */;
		};
		A6216D601FE3C9DE003D3C37 /* PBXTargetDependency */ = {
			isa = PBXTargetDependency;
			target = A6216D391FE3C9DE003D3C37 /* OC图文混排复习 */;
			targetProxy = A6216D5F1FE3C9DE003D3C37 /* PBXContainerItemProxy */;
		};
/* End PBXTargetDependency section */

/* Begin PBXVariantGroup section */
		A6216D461FE3C9DE003D3C37 /* Main.storyboard */ = {
			isa = PBXVariantGroup;
			children = (
				A6216D471FE3C9DE003D3C37 /* Base */,
			);
			name = Main.storyboard;
			sourceTree = "<group>";
		};
		A6216D4B1FE3C9DE003D3C37 /* LaunchScreen.storyboard */ = {
			isa = PBXVariantGroup;
			children = (
				A6216D4C1FE3C9DE003D3C37 /* Base */,
			);
			name = LaunchScreen.storyboard;
			sourceTree = "<group>";
		};
/* End PBXVariantGroup section */

/* Begin XCBuildConfiguration section */
		A6216D651FE3C9DE003D3C37 /* Debug */ = {
			isa = XCBuildConfiguration;
			buildSettings = {
				ALWAYS_SEARCH_USER_PATHS = NO;
				CLANG_ANALYZER_NONNULL = YES;
				CLANG_ANALYZER_NUMBER_OBJECT_CONVERSION = YES_AGGRESSIVE;
				CLANG_CXX_LANGUAGE_STANDARD = "gnu++0x";
				CLANG_CXX_LIBRARY = "libc++";
				CLANG_ENABLE_MODULES = YES;
				CLANG_ENABLE_OBJC_ARC = YES;
				CLANG_WARN_BOOL_CONVERSION = YES;
				CLANG_WARN_CONSTANT_CONVERSION = YES;
				CLANG_WARN_DIRECT_OBJC_ISA_USAGE = YES_ERROR;
				CLANG_WARN_DOCUMENTATION_COMMENTS = YES;
				CLANG_WARN_EMPTY_BODY = YES;
				CLANG_WARN_ENUM_CONVERSION = YES;
				CLANG_WARN_INFINITE_RECURSION = YES;
				CLANG_WARN_INT_CONVERSION = YES;
				CLANG_WARN_OBJC_ROOT_CLASS = YES_ERROR;
				CLANG_WARN_SUSPICIOUS_MOVE = YES;
				CLANG_WARN_UNREACHABLE_CODE = YES;
				CLANG_WARN__DUPLICATE_METHOD_MATCH = YES;
				"CODE_SIGN_IDENTITY[sdk=iphoneos*]" = "iPhone Developer";
				COPY_PHASE_STRIP = NO;
				DEBUG_INFORMATION_FORMAT = dwarf;
				ENABLE_STRICT_OBJC_MSGSEND = YES;
				ENABLE_TESTABILITY = YES;
				GCC_C_LANGUAGE_STANDARD = gnu99;
				GCC_DYNAMIC_NO_PIC = NO;
				GCC_NO_COMMON_BLOCKS = YES;
				GCC_OPTIMIZATION_LEVEL = 0;
				GCC_PREPROCESSOR_DEFINITIONS = (
					"DEBUG=1",
					"$(inherited)",
				);
				GCC_WARN_64_TO_32_BIT_CONVERSION = YES;
				GCC_WARN_ABOUT_RETURN_TYPE = YES_ERROR;
				GCC_WARN_UNDECLARED_SELECTOR = YES;
				GCC_WARN_UNINITIALIZED_AUTOS = YES_AGGRESSIVE;
				GCC_WARN_UNUSED_FUNCTION = YES;
				GCC_WARN_UNUSED_VARIABLE = YES;
				IPHONEOS_DEPLOYMENT_TARGET = 10.3;
				MTL_ENABLE_DEBUG_INFO = YES;
				ONLY_ACTIVE_ARCH = YES;
				SDKROOT = iphoneos;
			};
			name = Debug;
		};
		A6216D661FE3C9DE003D3C37 /* Release */ = {
			isa = XCBuildConfiguration;
			buildSettings = {
				ALWAYS_SEARCH_USER_PATHS = NO;
				CLANG_ANALYZER_NONNULL = YES;
				CLANG_ANALYZER_NUMBER_OBJECT_CONVERSION = YES_AGGRESSIVE;
				CLANG_CXX_LANGUAGE_STANDARD = "gnu++0x";
				CLANG_CXX_LIBRARY = "libc++";
				CLANG_ENABLE_MODULES = YES;
				CLANG_ENABLE_OBJC_ARC = YES;
				CLANG_WARN_BOOL_CONVERSION = YES;
				CLANG_WARN_CONSTANT_CONVERSION = YES;
				CLANG_WARN_DIRECT_OBJC_ISA_USAGE = YES_ERROR;
				CLANG_WARN_DOCUMENTATION_COMMENTS = YES;
				CLANG_WARN_EMPTY_BODY = YES;
				CLANG_WARN_ENUM_CONVERSION = YES;
				CLANG_WARN_INFINITE_RECURSION = YES;
				CLANG_WARN_INT_CONVERSION = YES;
				CLANG_WARN_OBJC_ROOT_CLASS = YES_ERROR;
				CLANG_WARN_SUSPICIOUS_MOVE = YES;
				CLANG_WARN_UNREACHABLE_CODE = YES;
				CLANG_WARN__DUPLICATE_METHOD_MATCH = YES;
				"CODE_SIGN_IDENTITY[sdk=iphoneos*]" = "iPhone Developer";
				COPY_PHASE_STRIP = NO;
				DEBUG_INFORMATION_FORMAT = "dwarf-with-dsym";
				ENABLE_NS_ASSERTIONS = NO;
				ENABLE_STRICT_OBJC_MSGSEND = YES;
				GCC_C_LANGUAGE_STANDARD = gnu99;
				GCC_NO_COMMON_BLOCKS = YES;
				GCC_WARN_64_TO_32_BIT_CONVERSION = YES;
				GCC_WARN_ABOUT_RETURN_TYPE = YES_ERROR;
				GCC_WARN_UNDECLARED_SELECTOR = YES;
				GCC_WARN_UNINITIALIZED_AUTOS = YES_AGGRESSIVE;
				GCC_WARN_UNUSED_FUNCTION = YES;
				GCC_WARN_UNUSED_VARIABLE = YES;
				IPHONEOS_DEPLOYMENT_TARGET = 10.3;
				MTL_ENABLE_DEBUG_INFO = NO;
				SDKROOT = iphoneos;
				VALIDATE_PRODUCT = YES;
			};
			name = Release;
		};
		A6216D681FE3C9DE003D3C37 /* Debug */ = {
			isa = XCBuildConfiguration;
			buildSettings = {
				ASSETCATALOG_COMPILER_APPICON_NAME = AppIcon;
				DEVELOPMENT_TEAM = ZML32S4D5M;
				INFOPLIST_FILE = "OC图文混排复习/Info.plist";
				LD_RUNPATH_SEARCH_PATHS = "$(inherited) @executable_path/Frameworks";
				PRODUCT_BUNDLE_IDENTIFIER = "com.huihui.OC------";
				PRODUCT_NAME = "$(TARGET_NAME)";
			};
			name = Debug;
		};
		A6216D691FE3C9DE003D3C37 /* Release */ = {
			isa = XCBuildConfiguration;
			buildSettings = {
				ASSETCATALOG_COMPILER_APPICON_NAME = AppIcon;
				DEVELOPMENT_TEAM = ZML32S4D5M;
				INFOPLIST_FILE = "OC图文混排复习/Info.plist";
				LD_RUNPATH_SEARCH_PATHS = "$(inherited) @executable_path/Frameworks";
				PRODUCT_BUNDLE_IDENTIFIER = "com.huihui.OC------";
				PRODUCT_NAME = "$(TARGET_NAME)";
			};
			name = Release;
		};
		A6216D6B1FE3C9DE003D3C37 /* Debug */ = {
			isa = XCBuildConfiguration;
			buildSettings = {
				BUNDLE_LOADER = "$(TEST_HOST)";
				DEVELOPMENT_TEAM = ZML32S4D5M;
				INFOPLIST_FILE = "OC图文混排复习Tests/Info.plist";
				LD_RUNPATH_SEARCH_PATHS = "$(inherited) @executable_path/Frameworks @loader_path/Frameworks";
				PRODUCT_BUNDLE_IDENTIFIER = "com.huihui.OC------Tests";
				PRODUCT_NAME = "$(TARGET_NAME)";
				TEST_HOST = "$(BUILT_PRODUCTS_DIR)/OC图文混排复习.app/OC图文混排复习";
			};
			name = Debug;
		};
		A6216D6C1FE3C9DE003D3C37 /* Release */ = {
			isa = XCBuildConfiguration;
			buildSettings = {
				BUNDLE_LOADER = "$(TEST_HOST)";
				DEVELOPMENT_TEAM = ZML32S4D5M;
				INFOPLIST_FILE = "OC图文混排复习Tests/Info.plist";
				LD_RUNPATH_SEARCH_PATHS = "$(inherited) @executable_path/Frameworks @loader_path/Frameworks";
				PRODUCT_BUNDLE_IDENTIFIER = "com.huihui.OC------Tests";
				PRODUCT_NAME = "$(TARGET_NAME)";
				TEST_HOST = "$(BUILT_PRODUCTS_DIR)/OC图文混排复习.app/OC图文混排复习";
			};
			name = Release;
		};
		A6216D6E1FE3C9DE003D3C37 /* Debug */ = {
			isa = XCBuildConfiguration;
			buildSettings = {
				DEVELOPMENT_TEAM = ZML32S4D5M;
				INFOPLIST_FILE = "OC图文混排复习UITests/Info.plist";
				LD_RUNPATH_SEARCH_PATHS = "$(inherited) @executable_path/Frameworks @loader_path/Frameworks";
				PRODUCT_BUNDLE_IDENTIFIER = "com.huihui.OC------UITests";
				PRODUCT_NAME = "$(TARGET_NAME)";
				TEST_TARGET_NAME = "OC图文混排复习";
			};
			name = Debug;
		};
		A6216D6F1FE3C9DE003D3C37 /* Release */ = {
			isa = XCBuildConfiguration;
			buildSettings = {
				DEVELOPMENT_TEAM = ZML32S4D5M;
				INFOPLIST_FILE = "OC图文混排复习UITests/Info.plist";
				LD_RUNPATH_SEARCH_PATHS = "$(inherited) @executable_path/Frameworks @loader_path/Frameworks";
				PRODUCT_BUNDLE_IDENTIFIER = "com.huihui.OC------UITests";
				PRODUCT_NAME = "$(TARGET_NAME)";
				TEST_TARGET_NAME = "OC图文混排复习";
			};
			name = Release;
		};
/* End XCBuildConfiguration section */

/* Begin XCConfigurationList section */
		A6216D351FE3C9DE003D3C37 /* Build configuration list for PBXProject "OC图文混排复习" */ = {
			isa = XCConfigurationList;
			buildConfigurations = (
				A6216D651FE3C9DE003D3C37 /* Debug */,
				A6216D661FE3C9DE003D3C37 /* Release */,
			);
			defaultConfigurationIsVisible = 0;
			defaultConfigurationName = Release;
		};
		A6216D671FE3C9DE003D3C37 /* Build configuration list for PBXNativeTarget "OC图文混排复习" */ = {
			isa = XCConfigurationList;
			buildConfigurations = (
				A6216D681FE3C9DE003D3C37 /* Debug */,
				A6216D691FE3C9DE003D3C37 /* Release */,
			);
			defaultConfigurationIsVisible = 0;
		};
		A6216D6A1FE3C9DE003D3C37 /* Build configuration list for PBXNativeTarget "OC图文混排复习Tests" */ = {
			isa = XCConfigurationList;
			buildConfigurations = (
				A6216D6B1FE3C9DE003D3C37 /* Debug */,
				A6216D6C1FE3C9DE003D3C37 /* Release */,
			);
			defaultConfigurationIsVisible = 0;
		};
		A6216D6D1FE3C9DE003D3C37 /* Build configuration list for PBXNativeTarget "OC图文混排复习UITests" */ = {
			isa = XCConfigurationList;
			buildConfigurations = (
				A6216D6E1FE3C9DE003D3C37 /* Debug */,
				A6216D6F1FE3C9DE003D3C37 /* Release */,
			);
			defaultConfigurationIsVisible = 0;
		};
/* End XCConfigurationList section */
	};
	rootObject = A6216D321FE3C9DE003D3C37 /* Project object */;
}
