// !$*UTF8*$!
{
	archiveVersion = 1;
	classes = {
	};
	objectVersion = 46;
	objects = {

/* Begin PBXBuildFile section */
		A6216E181FE42673003D3C37 /* AppDelegate.swift in Sources */ = {isa = PBXBuildFile; fileRef = A6216E171FE42673003D3C37 /* AppDelegate.swift */; };
		A6216E1A1FE42673003D3C37 /* ViewController.swift in Sources */ = {isa = PBXBuildFile; fileRef = A6216E191FE42673003D3C37 /* ViewController.swift */; };
		A6216E1D1FE42673003D3C37 /* Main.storyboard in Resources */ = {isa = PBXBuildFile; fileRef = A6216E1B1FE42673003D3C37 /* Main.storyboard */; };
		A6216E1F1FE42673003D3C37 /* Assets.xcassets in Resources */ = {isa = PBXBuildFile; fileRef = A6216E1E1FE42673003D3C37 /* Assets.xcassets */; };
		A6216E221FE42673003D3C37 /* LaunchScreen.storyboard in Resources */ = {isa = PBXBuildFile; fileRef = A6216E201FE42673003D3C37 /* LaunchScreen.storyboard */; };
		A6216E2D1FE42674003D3C37 /* textKitTests.swift in Sources */ = {isa = PBXBuildFile; fileRef = A6216E2C1FE42674003D3C37 /* textKitTests.swift */; };
		A6216E381FE42674003D3C37 /* textKitUITests.swift in Sources */ = {isa = PBXBuildFile; fileRef = A6216E371FE42674003D3C37 /* textKitUITests.swift */; };
		A6216E461FE4269A003D3C37 /* HGLabel.swift in Sources */ = {isa = PBXBuildFile; fileRef = A6216E451FE4269A003D3C37 /* HGLabel.swift */; };
/* End PBXBuildFile section */

/* Begin PBXContainerItemProxy section */
		A6216E291FE42674003D3C37 /* PBXContainerItemProxy */ = {
			isa = PBXContainerItemProxy;
			containerPortal = A6216E0C1FE42673003D3C37 /* Project object */;
			proxyType = 1;
			remoteGlobalIDString = A6216E131FE42673003D3C37;
			remoteInfo = textKit;
		};
		A6216E341FE42674003D3C37 /* PBXContainerItemProxy */ = {
			isa = PBXContainerItemProxy;
			containerPortal = A6216E0C1FE42673003D3C37 /* Project object */;
			proxyType = 1;
			remoteGlobalIDString = A6216E131FE42673003D3C37;
			remoteInfo = textKit;
		};
/* End PBXContainerItemProxy section */

/* Begin PBXFileReference section */
		A6216E141FE42673003D3C37 /* textKit.app */ = {isa = PBXFileReference; explicitFileType = wrapper.application; includeInIndex = 0; path = textKit.app; sourceTree = BUILT_PRODUCTS_DIR; };
		A6216E171FE42673003D3C37 /* AppDelegate.swift */ = {isa = PBXFileReference; lastKnownFileType = sourcecode.swift; path = AppDelegate.swift; sourceTree = "<group>"; };
		A6216E191FE42673003D3C37 /* ViewController.swift */ = {isa = PBXFileReference; lastKnownFileType = sourcecode.swift; path = ViewController.swift; sourceTree = "<group>"; };
		A6216E1C1FE42673003D3C37 /* Base */ = {isa = PBXFileReference; lastKnownFileType = file.storyboard; name = Base; path = Base.lproj/Main.storyboard; sourceTree = "<group>"; };
		A6216E1E1FE42673003D3C37 /* Assets.xcassets */ = {isa = PBXFileReference; lastKnownFileType = folder.assetcatalog; path = Assets.xcassets; sourceTree = "<group>"; };
		A6216E211FE42673003D3C37 /* Base */ = {isa = PBXFileReference; lastKnownFileType = file.storyboard; name = Base; path = Base.lproj/LaunchScreen.storyboard; sourceTree = "<group>"; };
		A6216E231FE42673003D3C37 /* Info.plist */ = {isa = PBXFileReference; lastKnownFileType = text.plist.xml; path = Info.plist; sourceTree = "<group>"; };
		A6216E281FE42674003D3C37 /* textKitTests.xctest */ = {isa = PBXFileReference; explicitFileType = wrapper.cfbundle; includeInIndex = 0; path = textKitTests.xctest; sourceTree = BUILT_PRODUCTS_DIR; };
		A6216E2C1FE42674003D3C37 /* textKitTests.swift */ = {isa = PBXFileReference; lastKnownFileType = sourcecode.swift; path = textKitTests.swift; sourceTree = "<group>"; };
		A6216E2E1FE42674003D3C37 /* Info.plist */ = {isa = PBXFileReference; lastKnownFileType = text.plist.xml; path = Info.plist; sourceTree = "<group>"; };
		A6216E331FE42674003D3C37 /* textKitUITests.xctest */ = {isa = PBXFileReference; explicitFileType = wrapper.cfbundle; includeInIndex = 0; path = textKitUITests.xctest; sourceTree = BUILT_PRODUCTS_DIR; };
		A6216E371FE42674003D3C37 /* textKitUITests.swift */ = {isa = PBXFileReference; lastKnownFileType = sourcecode.swift; path = textKitUITests.swift; sourceTree = "<group>"; };
		A6216E391FE42674003D3C37 /* Info.plist */ = {isa = PBXFileReference; lastKnownFileType = text.plist.xml; path = Info.plist; sourceTree = "<group>"; };
		A6216E451FE4269A003D3C37 /* HGLabel.swift */ = {isa = PBXFileReference; fileEncoding = 4; lastKnownFileType = sourcecode.swift; path = HGLabel.swift; sourceTree = "<group>"; };
/* End PBXFileReference section */

/* Begin PBXFrameworksBuildPhase section */
		A6216E111FE42673003D3C37 /* Frameworks */ = {
			isa = PBXFrameworksBuildPhase;
			buildActionMask = 2147483647;
			files = (
			);
			runOnlyForDeploymentPostprocessing = 0;
		};
		A6216E251FE42674003D3C37 /* Frameworks */ = {
			isa = PBXFrameworksBuildPhase;
			buildActionMask = 2147483647;
			files = (
			);
			runOnlyForDeploymentPostprocessing = 0;
		};
		A6216E301FE42674003D3C37 /* Frameworks */ = {
			isa = PBXFrameworksBuildPhase;
			buildActionMask = 2147483647;
			files = (
			);
			runOnlyForDeploymentPostprocessing = 0;
		};
/* End PBXFrameworksBuildPhase section */

/* Begin PBXGroup section */
		A6216E0B1FE42673003D3C37 = {
			isa = PBXGroup;
			children = (
				A6216E161FE42673003D3C37 /* textKit */,
				A6216E2B1FE42674003D3C37 /* textKitTests */,
				A6216E361FE42674003D3C37 /* textKitUITests */,
				A6216E151FE42673003D3C37 /* Products */,
			);
			sourceTree = "<group>";
		};
		A6216E151FE42673003D3C37 /* Products */ = {
			isa = PBXGroup;
			children = (
				A6216E141FE42673003D3C37 /* textKit.app */,
				A6216E281FE42674003D3C37 /* textKitTests.xctest */,
				A6216E331FE42674003D3C37 /* textKitUITests.xctest */,
			);
			name = Products;
			sourceTree = "<group>";
		};
		A6216E161FE42673003D3C37 /* textKit */ = {
			isa = PBXGroup;
			children = (
				A6216E171FE42673003D3C37 /* AppDelegate.swift */,
				A6216E191FE42673003D3C37 /* ViewController.swift */,
				A6216E451FE4269A003D3C37 /* HGLabel.swift */,
				A6216E1B1FE42673003D3C37 /* Main.storyboard */,
				A6216E1E1FE42673003D3C37 /* Assets.xcassets */,
				A6216E201FE42673003D3C37 /* LaunchScreen.storyboard */,
				A6216E231FE42673003D3C37 /* Info.plist */,
			);
			path = textKit;
			sourceTree = "<group>";
		};
		A6216E2B1FE42674003D3C37 /* textKitTests */ = {
			isa = PBXGroup;
			children = (
				A6216E2C1FE42674003D3C37 /* textKitTests.swift */,
				A6216E2E1FE42674003D3C37 /* Info.plist */,
			);
			path = textKitTests;
			sourceTree = "<group>";
		};
		A6216E361FE42674003D3C37 /* textKitUITests */ = {
			isa = PBXGroup;
			children = (
				A6216E371FE42674003D3C37 /* textKitUITests.swift */,
				A6216E391FE42674003D3C37 /* Info.plist */,
			);
			path = textKitUITests;
			sourceTree = "<group>";
		};
/* End PBXGroup section */

/* Begin PBXNativeTarget section */
		A6216E131FE42673003D3C37 /* textKit */ = {
			isa = PBXNativeTarget;
			buildConfigurationList = A6216E3C1FE42674003D3C37 /* Build configuration list for PBXNativeTarget "textKit" */;
			buildPhases = (
				A6216E101FE42673003D3C37 /* Sources */,
				A6216E111FE42673003D3C37 /* Frameworks */,
				A6216E121FE42673003D3C37 /* Resources */,
			);
			buildRules = (
			);
			dependencies = (
			);
			name = textKit;
			productName = textKit;
			productReference = A6216E141FE42673003D3C37 /* textKit.app */;
			productType = "com.apple.product-type.application";
		};
		A6216E271FE42674003D3C37 /* textKitTests */ = {
			isa = PBXNativeTarget;
			buildConfigurationList = A6216E3F1FE42674003D3C37 /* Build configuration list for PBXNativeTarget "textKitTests" */;
			buildPhases = (
				A6216E241FE42674003D3C37 /* Sources */,
				A6216E251FE42674003D3C37 /* Frameworks */,
				A6216E261FE42674003D3C37 /* Resources */,
			);
			buildRules = (
			);
			dependencies = (
				A6216E2A1FE42674003D3C37 /* PBXTargetDependency */,
			);
			name = textKitTests;
			productName = textKitTests;
			productReference = A6216E281FE42674003D3C37 /* textKitTests.xctest */;
			productType = "com.apple.product-type.bundle.unit-test";
		};
		A6216E321FE42674003D3C37 /* textKitUITests */ = {
			isa = PBXNativeTarget;
			buildConfigurationList = A6216E421FE42674003D3C37 /* Build configuration list for PBXNativeTarget "textKitUITests" */;
			buildPhases = (
				A6216E2F1FE42674003D3C37 /* Sources */,
				A6216E301FE42674003D3C37 /* Frameworks */,
				A6216E311FE42674003D3C37 /* Resources */,
			);
			buildRules = (
			);
			dependencies = (
				A6216E351FE42674003D3C37 /* PBXTargetDependency */,
			);
			name = textKitUITests;
			productName = textKitUITests;
			productReference = A6216E331FE42674003D3C37 /* textKitUITests.xctest */;
			productType = "com.apple.product-type.bundle.ui-testing";
		};
/* End PBXNativeTarget section */

/* Begin PBXProject section */
		A6216E0C1FE42673003D3C37 /* Project object */ = {
			isa = PBXProject;
			attributes = {
				LastSwiftUpdateCheck = 0830;
				LastUpgradeCheck = 0830;
				ORGANIZATIONNAME = jyh;
				TargetAttributes = {
					A6216E131FE42673003D3C37 = {
						CreatedOnToolsVersion = 8.3.3;
						DevelopmentTeam = ZML32S4D5M;
						ProvisioningStyle = Automatic;
					};
					A6216E271FE42674003D3C37 = {
						CreatedOnToolsVersion = 8.3.3;
						DevelopmentTeam = ZML32S4D5M;
						ProvisioningStyle = Automatic;
						TestTargetID = A6216E131FE42673003D3C37;
					};
					A6216E321FE42674003D3C37 = {
						CreatedOnToolsVersion = 8.3.3;
						DevelopmentTeam = ZML32S4D5M;
						ProvisioningStyle = Automatic;
						TestTargetID = A6216E131FE42673003D3C37;
					};
				};
			};
			buildConfigurationList = A6216E0F1FE42673003D3C37 /* Build configuration list for PBXProject "textKit" */;
			compatibilityVersion = "Xcode 3.2";
			developmentRegion = English;
			hasScannedForEncodings = 0;
			knownRegions = (
				en,
				Base,
			);
			mainGroup = A6216E0B1FE42673003D3C37;
			productRefGroup = A6216E151FE42673003D3C37 /* Products */;
			projectDirPath = "";
			projectRoot = "";
			targets = (
				A6216E131FE42673003D3C37 /* textKit */,
				A6216E271FE42674003D3C37 /* textKitTests */,
				A6216E321FE42674003D3C37 /* textKitUITests */,
			);
		};
/* End PBXProject section */

/* Begin PBXResourcesBuildPhase section */
		A6216E121FE42673003D3C37 /* Resources */ = {
			isa = PBXResourcesBuildPhase;
			buildActionMask = 2147483647;
			files = (
				A6216E221FE42673003D3C37 /* LaunchScreen.storyboard in Resources */,
				A6216E1F1FE42673003D3C37 /* Assets.xcassets in Resources */,
				A6216E1D1FE42673003D3C37 /* Main.storyboard in Resources */,
			);
			runOnlyForDeploymentPostprocessing = 0;
		};
		A6216E261FE42674003D3C37 /* Resources */ = {
			isa = PBXResourcesBuildPhase;
			buildActionMask = 2147483647;
			files = (
			);
			runOnlyForDeploymentPostprocessing = 0;
		};
		A6216E311FE42674003D3C37 /* Resources */ = {
			isa = PBXResourcesBuildPhase;
			buildActionMask = 2147483647;
			files = (
			);
			runOnlyForDeploymentPostprocessing = 0;
		};
/* End PBXResourcesBuildPhase section */

/* Begin PBXSourcesBuildPhase section */
		A6216E101FE42673003D3C37 /* Sources */ = {
			isa = PBXSourcesBuildPhase;
			buildActionMask = 2147483647;
			files = (
				A6216E1A1FE42673003D3C37 /* ViewController.swift in Sources */,
				A6216E181FE42673003D3C37 /* AppDelegate.swift in Sources */,
				A6216E461FE4269A003D3C37 /* HGLabel.swift in Sources */,
			);
			runOnlyForDeploymentPostprocessing = 0;
		};
		A6216E241FE42674003D3C37 /* Sources */ = {
			isa = PBXSourcesBuildPhase;
			buildActionMask = 2147483647;
			files = (
				A6216E2D1FE42674003D3C37 /* textKitTests.swift in Sources */,
			);
			runOnlyForDeploymentPostprocessing = 0;
		};
		A6216E2F1FE42674003D3C37 /* Sources */ = {
			isa = PBXSourcesBuildPhase;
			buildActionMask = 2147483647;
			files = (
				A6216E381FE42674003D3C37 /* textKitUITests.swift in Sources */,
			);
			runOnlyForDeploymentPostprocessing = 0;
		};
/* End PBXSourcesBuildPhase section */

/* Begin PBXTargetDependency section */
		A6216E2A1FE42674003D3C37 /* PBXTargetDependency */ = {
			isa = PBXTargetDependency;
			target = A6216E131FE42673003D3C37 /* textKit */;
			targetProxy = A6216E291FE42674003D3C37 /* PBXContainerItemProxy */;
		};
		A6216E351FE42674003D3C37 /* PBXTargetDependency */ = {
			isa = PBXTargetDependency;
			target = A6216E131FE42673003D3C37 /* textKit */;
			targetProxy = A6216E341FE42674003D3C37 /* PBXContainerItemProxy */;
		};
/* End PBXTargetDependency section */

/* Begin PBXVariantGroup section */
		A6216E1B1FE42673003D3C37 /* Main.storyboard */ = {
			isa = PBXVariantGroup;
			children = (
				A6216E1C1FE42673003D3C37 /* Base */,
			);
			name = Main.storyboard;
			sourceTree = "<group>";
		};
		A6216E201FE42673003D3C37 /* LaunchScreen.storyboard */ = {
			isa = PBXVariantGroup;
			children = (
				A6216E211FE42673003D3C37 /* Base */,
			);
			name = LaunchScreen.storyboard;
			sourceTree = "<group>";
		};
/* End PBXVariantGroup section */

/* Begin XCBuildConfiguration section */
		A6216E3A1FE42674003D3C37 /* Debug */ = {
			isa = XCBuildConfiguration;
			buildSettings = {
				ALWAYS_SEARCH_USER_PATHS = NO;
				CLANG_ANALYZER_NONNULL = YES;
				CLANG_ANALYZER_NUMBER_OBJECT_CONVERSION = YES_AGGRESSIVE;
				CLANG_CXX_LANGUAGE_STANDARD = "gnu++0x";
				CLANG_CXX_LIBRARY = "libc++";
				CLANG_ENABLE_MODULES = YES;
				CLANG_ENABLE_OBJC_ARC = YES;
				CLANG_WARN_BOOL_CONVERSION = YES;
				CLANG_WARN_CONSTANT_CONVERSION = YES;
				CLANG_WARN_DIRECT_OBJC_ISA_USAGE = YES_ERROR;
				CLANG_WARN_DOCUMENTATION_COMMENTS = YES;
				CLANG_WARN_EMPTY_BODY = YES;
				CLANG_WARN_ENUM_CONVERSION = YES;
				CLANG_WARN_INFINITE_RECURSION = YES;
				CLANG_WARN_INT_CONVERSION = YES;
				CLANG_WARN_OBJC_ROOT_CLASS = YES_ERROR;
				CLANG_WARN_SUSPICIOUS_MOVE = YES;
				CLANG_WARN_UNREACHABLE_CODE = YES;
				CLANG_WARN__DUPLICATE_METHOD_MATCH = YES;
				"CODE_SIGN_IDENTITY[sdk=iphoneos*]" = "iPhone Developer";
				COPY_PHASE_STRIP = NO;
				DEBUG_INFORMATION_FORMAT = dwarf;
				ENABLE_STRICT_OBJC_MSGSEND = YES;
				ENABLE_TESTABILITY = YES;
				GCC_C_LANGUAGE_STANDARD = gnu99;
				GCC_DYNAMIC_NO_PIC = NO;
				GCC_NO_COMMON_BLOCKS = YES;
				GCC_OPTIMIZATION_LEVEL = 0;
				GCC_PREPROCESSOR_DEFINITIONS = (
					"DEBUG=1",
					"$(inherited)",
				);
				GCC_WARN_64_TO_32_BIT_CONVERSION = YES;
				GCC_WARN_ABOUT_RETURN_TYPE = YES_ERROR;
				GCC_WARN_UNDECLARED_SELECTOR = YES;
				GCC_WARN_UNINITIALIZED_AUTOS = YES_AGGRESSIVE;
				GCC_WARN_UNUSED_FUNCTION = YES;
				GCC_WARN_UNUSED_VARIABLE = YES;
				IPHONEOS_DEPLOYMENT_TARGET = 10.3;
				MTL_ENABLE_DEBUG_INFO = YES;
				ONLY_ACTIVE_ARCH = YES;
				SDKROOT = iphoneos;
				SWIFT_ACTIVE_COMPILATION_CONDITIONS = DEBUG;
				SWIFT_OPTIMIZATION_LEVEL = "-Onone";
			};
			name = Debug;
		};
		A6216E3B1FE42674003D3C37 /* Release */ = {
			isa = XCBuildConfiguration;
			buildSettings = {
				ALWAYS_SEARCH_USER_PATHS = NO;
				CLANG_ANALYZER_NONNULL = YES;
				CLANG_ANALYZER_NUMBER_OBJECT_CONVERSION = YES_AGGRESSIVE;
				CLANG_CXX_LANGUAGE_STANDARD = "gnu++0x";
				CLANG_CXX_LIBRARY = "libc++";
				CLANG_ENABLE_MODULES = YES;
				CLANG_ENABLE_OBJC_ARC = YES;
				CLANG_WARN_BOOL_CONVERSION = YES;
				CLANG_WARN_CONSTANT_CONVERSION = YES;
				CLANG_WARN_DIRECT_OBJC_ISA_USAGE = YES_ERROR;
				CLANG_WARN_DOCUMENTATION_COMMENTS = YES;
				CLANG_WARN_EMPTY_BODY = YES;
				CLANG_WARN_ENUM_CONVERSION = YES;
				CLANG_WARN_INFINITE_RECURSION = YES;
				CLANG_WARN_INT_CONVERSION = YES;
				CLANG_WARN_OBJC_ROOT_CLASS = YES_ERROR;
				CLANG_WARN_SUSPICIOUS_MOVE = YES;
				CLANG_WARN_UNREACHABLE_CODE = YES;
				CLANG_WARN__DUPLICATE_METHOD_MATCH = YES;
				"CODE_SIGN_IDENTITY[sdk=iphoneos*]" = "iPhone Developer";
				COPY_PHASE_STRIP = NO;
				DEBUG_INFORMATION_FORMAT = "dwarf-with-dsym";
				ENABLE_NS_ASSERTIONS = NO;
				ENABLE_STRICT_OBJC_MSGSEND = YES;
				GCC_C_LANGUAGE_STANDARD = gnu99;
				GCC_NO_COMMON_BLOCKS = YES;
				GCC_WARN_64_TO_32_BIT_CONVERSION = YES;
				GCC_WARN_ABOUT_RETURN_TYPE = YES_ERROR;
				GCC_WARN_UNDECLARED_SELECTOR = YES;
				GCC_WARN_UNINITIALIZED_AUTOS = YES_AGGRESSIVE;
				GCC_WARN_UNUSED_FUNCTION = YES;
				GCC_WARN_UNUSED_VARIABLE = YES;
				IPHONEOS_DEPLOYMENT_TARGET = 10.3;
				MTL_ENABLE_DEBUG_INFO = NO;
				SDKROOT = iphoneos;
				SWIFT_OPTIMIZATION_LEVEL = "-Owholemodule";
				VALIDATE_PRODUCT = YES;
			};
			name = Release;
		};
		A6216E3D1FE42674003D3C37 /* Debug */ = {
			isa = XCBuildConfiguration;
			buildSettings = {
				ASSETCATALOG_COMPILER_APPICON_NAME = AppIcon;
				DEVELOPMENT_TEAM = ZML32S4D5M;
				INFOPLIST_FILE = textKit/Info.plist;
				LD_RUNPATH_SEARCH_PATHS = "$(inherited) @executable_path/Frameworks";
				PRODUCT_BUNDLE_IDENTIFIER = com.huihui;
				PRODUCT_NAME = "$(TARGET_NAME)";
				SWIFT_VERSION = 3.0;
			};
			name = Debug;
		};
		A6216E3E1FE42674003D3C37 /* Release */ = {
			isa = XCBuildConfiguration;
			buildSettings = {
				ASSETCATALOG_COMPILER_APPICON_NAME = AppIcon;
				DEVELOPMENT_TEAM = ZML32S4D5M;
				INFOPLIST_FILE = textKit/Info.plist;
				LD_RUNPATH_SEARCH_PATHS = "$(inherited) @executable_path/Frameworks";
				PRODUCT_BUNDLE_IDENTIFIER = com.huihui;
				PRODUCT_NAME = "$(TARGET_NAME)";
				SWIFT_VERSION = 3.0;
			};
			name = Release;
		};
		A6216E401FE42674003D3C37 /* Debug */ = {
			isa = XCBuildConfiguration;
			buildSettings = {
				ALWAYS_EMBED_SWIFT_STANDARD_LIBRARIES = YES;
				BUNDLE_LOADER = "$(TEST_HOST)";
				DEVELOPMENT_TEAM = ZML32S4D5M;
				INFOPLIST_FILE = textKitTests/Info.plist;
				LD_RUNPATH_SEARCH_PATHS = "$(inherited) @executable_path/Frameworks @loader_path/Frameworks";
				PRODUCT_BUNDLE_IDENTIFIER = com.huihui.textKitTests;
				PRODUCT_NAME = "$(TARGET_NAME)";
				SWIFT_VERSION = 3.0;
				TEST_HOST = "$(BUILT_PRODUCTS_DIR)/textKit.app/textKit";
			};
			name = Debug;
		};
		A6216E411FE42674003D3C37 /* Release */ = {
			isa = XCBuildConfiguration;
			buildSettings = {
				ALWAYS_EMBED_SWIFT_STANDARD_LIBRARIES = YES;
				BUNDLE_LOADER = "$(TEST_HOST)";
				DEVELOPMENT_TEAM = ZML32S4D5M;
				INFOPLIST_FILE = textKitTests/Info.plist;
				LD_RUNPATH_SEARCH_PATHS = "$(inherited) @executable_path/Frameworks @loader_path/Frameworks";
				PRODUCT_BUNDLE_IDENTIFIER = com.huihui.textKitTests;
				PRODUCT_NAME = "$(TARGET_NAME)";
				SWIFT_VERSION = 3.0;
				TEST_HOST = "$(BUILT_PRODUCTS_DIR)/textKit.app/textKit";
			};
			name = Release;
		};
		A6216E431FE42674003D3C37 /* Debug */ = {
			isa = XCBuildConfiguration;
			buildSettings = {
				ALWAYS_EMBED_SWIFT_STANDARD_LIBRARIES = YES;
				DEVELOPMENT_TEAM = ZML32S4D5M;
				INFOPLIST_FILE = textKitUITests/Info.plist;
				LD_RUNPATH_SEARCH_PATHS = "$(inherited) @executable_path/Frameworks @loader_path/Frameworks";
				PRODUCT_BUNDLE_IDENTIFIER = com.huihui.textKitUITests;
				PRODUCT_NAME = "$(TARGET_NAME)";
				SWIFT_VERSION = 3.0;
				TEST_TARGET_NAME = textKit;
			};
			name = Debug;
		};
		A6216E441FE42674003D3C37 /* Release */ = {
			isa = XCBuildConfiguration;
			buildSettings = {
				ALWAYS_EMBED_SWIFT_STANDARD_LIBRARIES = YES;
				DEVELOPMENT_TEAM = ZML32S4D5M;
				INFOPLIST_FILE = textKitUITests/Info.plist;
				LD_RUNPATH_SEARCH_PATHS = "$(inherited) @executable_path/Frameworks @loader_path/Frameworks";
				PRODUCT_BUNDLE_IDENTIFIER = com.huihui.textKitUITests;
				PRODUCT_NAME = "$(TARGET_NAME)";
				SWIFT_VERSION = 3.0;
				TEST_TARGET_NAME = textKit;
			};
			name = Release;
		};
/* End XCBuildConfiguration section */

/* Begin XCConfigurationList section */
		A6216E0F1FE42673003D3C37 /* Build configuration list for PBXProject "textKit" */ = {
			isa = XCConfigurationList;
			buildConfigurations = (
				A6216E3A1FE42674003D3C37 /* Debug */,
				A6216E3B1FE42674003D3C37 /* Release */,
			);
			defaultConfigurationIsVisible = 0;
			defaultConfigurationName = Release;
		};
		A6216E3C1FE42674003D3C37 /* Build configuration list for PBXNativeTarget "textKit" */ = {
			isa = XCConfigurationList;
			buildConfigurations = (
				A6216E3D1FE42674003D3C37 /* Debug */,
				A6216E3E1FE42674003D3C37 /* Release */,
			);
			defaultConfigurationIsVisible = 0;
		};
		A6216E3F1FE42674003D3C37 /* Build configuration list for PBXNativeTarget "textKitTests" */ = {
			isa = XCConfigurationList;
			buildConfigurations = (
				A6216E401FE42674003D3C37 /* Debug */,
				A6216E411FE42674003D3C37 /* Release */,
			);
			defaultConfigurationIsVisible = 0;
		};
		A6216E421FE42674003D3C37 /* Build configuration list for PBXNativeTarget "textKitUITests" */ = {
			isa = XCConfigurationList;
			buildConfigurations = (
				A6216E431FE42674003D3C37 /* Debug */,
				A6216E441FE42674003D3C37 /* Release */,
			);
			defaultConfigurationIsVisible = 0;
		};
/* End XCConfigurationList section */
	};
	rootObject = A6216E0C1FE42673003D3C37 /* Project object */;
}
