// !$*UTF8*$!
{
	archiveVersion = 1;
	classes = {
	};
	objectVersion = 46;
	objects = {

/* Begin PBXBuildFile section */
		A6EF5A1B1FDA648100F63244 /* AppDelegate.swift in Sources */ = {isa = PBXBuildFile; fileRef = A6EF5A1A1FDA648100F63244 /* AppDelegate.swift */; };
		A6EF5A1D1FDA648100F63244 /* ViewController.swift in Sources */ = {isa = PBXBuildFile; fileRef = A6EF5A1C1FDA648100F63244 /* ViewController.swift */; };
		A6EF5A201FDA648100F63244 /* Main.storyboard in Resources */ = {isa = PBXBuildFile; fileRef = A6EF5A1E1FDA648100F63244 /* Main.storyboard */; };
		A6EF5A221FDA648100F63244 /* Assets.xcassets in Resources */ = {isa = PBXBuildFile; fileRef = A6EF5A211FDA648100F63244 /* Assets.xcassets */; };
		A6EF5A251FDA648100F63244 /* LaunchScreen.storyboard in Resources */ = {isa = PBXBuildFile; fileRef = A6EF5A231FDA648100F63244 /* LaunchScreen.storyboard */; };
		A6EF5A301FDA648100F63244 /* __Tests.swift in Sources */ = {isa = PBXBuildFile; fileRef = A6EF5A2F1FDA648100F63244 /* __Tests.swift */; };
		A6EF5A3B1FDA648100F63244 /* __UITests.swift in Sources */ = {isa = PBXBuildFile; fileRef = A6EF5A3A1FDA648100F63244 /* __UITests.swift */; };
		A6EF5A491FDA64BD00F63244 /* TableViewController.swift in Sources */ = {isa = PBXBuildFile; fileRef = A6EF5A481FDA64BD00F63244 /* TableViewController.swift */; };
		A6EF5A4B1FDA6DE400F63244 /* Person.swift in Sources */ = {isa = PBXBuildFile; fileRef = A6EF5A4A1FDA6DE400F63244 /* Person.swift */; };
/* End PBXBuildFile section */

/* Begin PBXContainerItemProxy section */
		A6EF5A2C1FDA648100F63244 /* PBXContainerItemProxy */ = {
			isa = PBXContainerItemProxy;
			containerPortal = A6EF5A0F1FDA648100F63244 /* Project object */;
			proxyType = 1;
			remoteGlobalIDString = A6EF5A161FDA648100F63244;
			remoteInfo = "闭包";
		};
		A6EF5A371FDA648100F63244 /* PBXContainerItemProxy */ = {
			isa = PBXContainerItemProxy;
			containerPortal = A6EF5A0F1FDA648100F63244 /* Project object */;
			proxyType = 1;
			remoteGlobalIDString = A6EF5A161FDA648100F63244;
			remoteInfo = "闭包";
		};
/* End PBXContainerItemProxy section */

/* Begin PBXFileReference section */
		A6EF5A171FDA648100F63244 /* 闭包.app */ = {isa = PBXFileReference; explicitFileType = wrapper.application; includeInIndex = 0; path = "闭包.app"; sourceTree = BUILT_PRODUCTS_DIR; };
		A6EF5A1A1FDA648100F63244 /* AppDelegate.swift */ = {isa = PBXFileReference; lastKnownFileType = sourcecode.swift; path = AppDelegate.swift; sourceTree = "<group>"; };
		A6EF5A1C1FDA648100F63244 /* ViewController.swift */ = {isa = PBXFileReference; lastKnownFileType = sourcecode.swift; path = ViewController.swift; sourceTree = "<group>"; };
		A6EF5A1F1FDA648100F63244 /* Base */ = {isa = PBXFileReference; lastKnownFileType = file.storyboard; name = Base; path = Base.lproj/Main.storyboard; sourceTree = "<group>"; };
		A6EF5A211FDA648100F63244 /* Assets.xcassets */ = {isa = PBXFileReference; lastKnownFileType = folder.assetcatalog; path = Assets.xcassets; sourceTree = "<group>"; };
		A6EF5A241FDA648100F63244 /* Base */ = {isa = PBXFileReference; lastKnownFileType = file.storyboard; name = Base; path = Base.lproj/LaunchScreen.storyboard; sourceTree = "<group>"; };
		A6EF5A261FDA648100F63244 /* Info.plist */ = {isa = PBXFileReference; lastKnownFileType = text.plist.xml; path = Info.plist; sourceTree = "<group>"; };
		A6EF5A2B1FDA648100F63244 /* 闭包Tests.xctest */ = {isa = PBXFileReference; explicitFileType = wrapper.cfbundle; includeInIndex = 0; path = "闭包Tests.xctest"; sourceTree = BUILT_PRODUCTS_DIR; };
		A6EF5A2F1FDA648100F63244 /* __Tests.swift */ = {isa = PBXFileReference; lastKnownFileType = sourcecode.swift; path = __Tests.swift; sourceTree = "<group>"; };
		A6EF5A311FDA648100F63244 /* Info.plist */ = {isa = PBXFileReference; lastKnownFileType = text.plist.xml; path = Info.plist; sourceTree = "<group>"; };
		A6EF5A361FDA648100F63244 /* 闭包UITests.xctest */ = {isa = PBXFileReference; explicitFileType = wrapper.cfbundle; includeInIndex = 0; path = "闭包UITests.xctest"; sourceTree = BUILT_PRODUCTS_DIR; };
		A6EF5A3A1FDA648100F63244 /* __UITests.swift */ = {isa = PBXFileReference; lastKnownFileType = sourcecode.swift; path = __UITests.swift; sourceTree = "<group>"; };
		A6EF5A3C1FDA648100F63244 /* Info.plist */ = {isa = PBXFileReference; lastKnownFileType = text.plist.xml; path = Info.plist; sourceTree = "<group>"; };
		A6EF5A481FDA64BD00F63244 /* TableViewController.swift */ = {isa = PBXFileReference; fileEncoding = 4; lastKnownFileType = sourcecode.swift; path = TableViewController.swift; sourceTree = "<group>"; };
		A6EF5A4A1FDA6DE400F63244 /* Person.swift */ = {isa = PBXFileReference; fileEncoding = 4; lastKnownFileType = sourcecode.swift; path = Person.swift; sourceTree = "<group>"; };
/* End PBXFileReference section */

/* Begin PBXFrameworksBuildPhase section */
		A6EF5A141FDA648100F63244 /* Frameworks */ = {
			isa = PBXFrameworksBuildPhase;
			buildActionMask = 2147483647;
			files = (
			);
			runOnlyForDeploymentPostprocessing = 0;
		};
		A6EF5A281FDA648100F63244 /* Frameworks */ = {
			isa = PBXFrameworksBuildPhase;
			buildActionMask = 2147483647;
			files = (
			);
			runOnlyForDeploymentPostprocessing = 0;
		};
		A6EF5A331FDA648100F63244 /* Frameworks */ = {
			isa = PBXFrameworksBuildPhase;
			buildActionMask = 2147483647;
			files = (
			);
			runOnlyForDeploymentPostprocessing = 0;
		};
/* End PBXFrameworksBuildPhase section */

/* Begin PBXGroup section */
		A6EF5A0E1FDA648100F63244 = {
			isa = PBXGroup;
			children = (
				A6EF5A191FDA648100F63244 /* 闭包 */,
				A6EF5A2E1FDA648100F63244 /* 闭包Tests */,
				A6EF5A391FDA648100F63244 /* 闭包UITests */,
				A6EF5A181FDA648100F63244 /* Products */,
			);
			sourceTree = "<group>";
		};
		A6EF5A181FDA648100F63244 /* Products */ = {
			isa = PBXGroup;
			children = (
				A6EF5A171FDA648100F63244 /* 闭包.app */,
				A6EF5A2B1FDA648100F63244 /* 闭包Tests.xctest */,
				A6EF5A361FDA648100F63244 /* 闭包UITests.xctest */,
			);
			name = Products;
			sourceTree = "<group>";
		};
		A6EF5A191FDA648100F63244 /* 闭包 */ = {
			isa = PBXGroup;
			children = (
				A6EF5A1A1FDA648100F63244 /* AppDelegate.swift */,
				A6EF5A1C1FDA648100F63244 /* ViewController.swift */,
				A6EF5A481FDA64BD00F63244 /* TableViewController.swift */,
				A6EF5A1E1FDA648100F63244 /* Main.storyboard */,
				A6EF5A4A1FDA6DE400F63244 /* Person.swift */,
				A6EF5A211FDA648100F63244 /* Assets.xcassets */,
				A6EF5A231FDA648100F63244 /* LaunchScreen.storyboard */,
				A6EF5A261FDA648100F63244 /* Info.plist */,
			);
			path = "闭包";
			sourceTree = "<group>";
		};
		A6EF5A2E1FDA648100F63244 /* 闭包Tests */ = {
			isa = PBXGroup;
			children = (
				A6EF5A2F1FDA648100F63244 /* __Tests.swift */,
				A6EF5A311FDA648100F63244 /* Info.plist */,
			);
			path = "闭包Tests";
			sourceTree = "<group>";
		};
		A6EF5A391FDA648100F63244 /* 闭包UITests */ = {
			isa = PBXGroup;
			children = (
				A6EF5A3A1FDA648100F63244 /* __UITests.swift */,
				A6EF5A3C1FDA648100F63244 /* Info.plist */,
			);
			path = "闭包UITests";
			sourceTree = "<group>";
		};
/* End PBXGroup section */

/* Begin PBXNativeTarget section */
		A6EF5A161FDA648100F63244 /* 闭包 */ = {
			isa = PBXNativeTarget;
			buildConfigurationList = A6EF5A3F1FDA648100F63244 /* Build configuration list for PBXNativeTarget "闭包" */;
			buildPhases = (
				A6EF5A131FDA648100F63244 /* Sources */,
				A6EF5A141FDA648100F63244 /* Frameworks */,
				A6EF5A151FDA648100F63244 /* Resources */,
			);
			buildRules = (
			);
			dependencies = (
			);
			name = "闭包";
			productName = "闭包";
			productReference = A6EF5A171FDA648100F63244 /* 闭包.app */;
			productType = "com.apple.product-type.application";
		};
		A6EF5A2A1FDA648100F63244 /* 闭包Tests */ = {
			isa = PBXNativeTarget;
			buildConfigurationList = A6EF5A421FDA648100F63244 /* Build configuration list for PBXNativeTarget "闭包Tests" */;
			buildPhases = (
				A6EF5A271FDA648100F63244 /* Sources */,
				A6EF5A281FDA648100F63244 /* Frameworks */,
				A6EF5A291FDA648100F63244 /* Resources */,
			);
			buildRules = (
			);
			dependencies = (
				A6EF5A2D1FDA648100F63244 /* PBXTargetDependency */,
			);
			name = "闭包Tests";
			productName = "闭包Tests";
			productReference = A6EF5A2B1FDA648100F63244 /* 闭包Tests.xctest */;
			productType = "com.apple.product-type.bundle.unit-test";
		};
		A6EF5A351FDA648100F63244 /* 闭包UITests */ = {
			isa = PBXNativeTarget;
			buildConfigurationList = A6EF5A451FDA648100F63244 /* Build configuration list for PBXNativeTarget "闭包UITests" */;
			buildPhases = (
				A6EF5A321FDA648100F63244 /* Sources */,
				A6EF5A331FDA648100F63244 /* Frameworks */,
				A6EF5A341FDA648100F63244 /* Resources */,
			);
			buildRules = (
			);
			dependencies = (
				A6EF5A381FDA648100F63244 /* PBXTargetDependency */,
			);
			name = "闭包UITests";
			productName = "闭包UITests";
			productReference = A6EF5A361FDA648100F63244 /* 闭包UITests.xctest */;
			productType = "com.apple.product-type.bundle.ui-testing";
		};
/* End PBXNativeTarget section */

/* Begin PBXProject section */
		A6EF5A0F1FDA648100F63244 /* Project object */ = {
			isa = PBXProject;
			attributes = {
				LastSwiftUpdateCheck = 0830;
				LastUpgradeCheck = 0830;
				ORGANIZATIONNAME = jyh;
				TargetAttributes = {
					A6EF5A161FDA648100F63244 = {
						CreatedOnToolsVersion = 8.3.3;
						DevelopmentTeam = ZML32S4D5M;
						ProvisioningStyle = Automatic;
					};
					A6EF5A2A1FDA648100F63244 = {
						CreatedOnToolsVersion = 8.3.3;
						DevelopmentTeam = ZML32S4D5M;
						ProvisioningStyle = Automatic;
						TestTargetID = A6EF5A161FDA648100F63244;
					};
					A6EF5A351FDA648100F63244 = {
						CreatedOnToolsVersion = 8.3.3;
						DevelopmentTeam = ZML32S4D5M;
						ProvisioningStyle = Automatic;
						TestTargetID = A6EF5A161FDA648100F63244;
					};
				};
			};
			buildConfigurationList = A6EF5A121FDA648100F63244 /* Build configuration list for PBXProject "闭包" */;
			compatibilityVersion = "Xcode 3.2";
			developmentRegion = English;
			hasScannedForEncodings = 0;
			knownRegions = (
				en,
				Base,
			);
			mainGroup = A6EF5A0E1FDA648100F63244;
			productRefGroup = A6EF5A181FDA648100F63244 /* Products */;
			projectDirPath = "";
			projectRoot = "";
			targets = (
				A6EF5A161FDA648100F63244 /* 闭包 */,
				A6EF5A2A1FDA648100F63244 /* 闭包Tests */,
				A6EF5A351FDA648100F63244 /* 闭包UITests */,
			);
		};
/* End PBXProject section */

/* Begin PBXResourcesBuildPhase section */
		A6EF5A151FDA648100F63244 /* Resources */ = {
			isa = PBXResourcesBuildPhase;
			buildActionMask = 2147483647;
			files = (
				A6EF5A251FDA648100F63244 /* LaunchScreen.storyboard in Resources */,
				A6EF5A221FDA648100F63244 /* Assets.xcassets in Resources */,
				A6EF5A201FDA648100F63244 /* Main.storyboard in Resources */,
			);
			runOnlyForDeploymentPostprocessing = 0;
		};
		A6EF5A291FDA648100F63244 /* Resources */ = {
			isa = PBXResourcesBuildPhase;
			buildActionMask = 2147483647;
			files = (
			);
			runOnlyForDeploymentPostprocessing = 0;
		};
		A6EF5A341FDA648100F63244 /* Resources */ = {
			isa = PBXResourcesBuildPhase;
			buildActionMask = 2147483647;
			files = (
			);
			runOnlyForDeploymentPostprocessing = 0;
		};
/* End PBXResourcesBuildPhase section */

/* Begin PBXSourcesBuildPhase section */
		A6EF5A131FDA648100F63244 /* Sources */ = {
			isa = PBXSourcesBuildPhase;
			buildActionMask = 2147483647;
			files = (
				A6EF5A1D1FDA648100F63244 /* ViewController.swift in Sources */,
				A6EF5A491FDA64BD00F63244 /* TableViewController.swift in Sources */,
				A6EF5A4B1FDA6DE400F63244 /* Person.swift in Sources */,
				A6EF5A1B1FDA648100F63244 /* AppDelegate.swift in Sources */,
			);
			runOnlyForDeploymentPostprocessing = 0;
		};
		A6EF5A271FDA648100F63244 /* Sources */ = {
			isa = PBXSourcesBuildPhase;
			buildActionMask = 2147483647;
			files = (
				A6EF5A301FDA648100F63244 /* __Tests.swift in Sources */,
			);
			runOnlyForDeploymentPostprocessing = 0;
		};
		A6EF5A321FDA648100F63244 /* Sources */ = {
			isa = PBXSourcesBuildPhase;
			buildActionMask = 2147483647;
			files = (
				A6EF5A3B1FDA648100F63244 /* __UITests.swift in Sources */,
			);
			runOnlyForDeploymentPostprocessing = 0;
		};
/* End PBXSourcesBuildPhase section */

/* Begin PBXTargetDependency section */
		A6EF5A2D1FDA648100F63244 /* PBXTargetDependency */ = {
			isa = PBXTargetDependency;
			target = A6EF5A161FDA648100F63244 /* 闭包 */;
			targetProxy = A6EF5A2C1FDA648100F63244 /* PBXContainerItemProxy */;
		};
		A6EF5A381FDA648100F63244 /* PBXTargetDependency */ = {
			isa = PBXTargetDependency;
			target = A6EF5A161FDA648100F63244 /* 闭包 */;
			targetProxy = A6EF5A371FDA648100F63244 /* PBXContainerItemProxy */;
		};
/* End PBXTargetDependency section */

/* Begin PBXVariantGroup section */
		A6EF5A1E1FDA648100F63244 /* Main.storyboard */ = {
			isa = PBXVariantGroup;
			children = (
				A6EF5A1F1FDA648100F63244 /* Base */,
			);
			name = Main.storyboard;
			sourceTree = "<group>";
		};
		A6EF5A231FDA648100F63244 /* LaunchScreen.storyboard */ = {
			isa = PBXVariantGroup;
			children = (
				A6EF5A241FDA648100F63244 /* Base */,
			);
			name = LaunchScreen.storyboard;
			sourceTree = "<group>";
		};
/* End PBXVariantGroup section */

/* Begin XCBuildConfiguration section */
		A6EF5A3D1FDA648100F63244 /* Debug */ = {
			isa = XCBuildConfiguration;
			buildSettings = {
				ALWAYS_SEARCH_USER_PATHS = NO;
				CLANG_ANALYZER_NONNULL = YES;
				CLANG_ANALYZER_NUMBER_OBJECT_CONVERSION = YES_AGGRESSIVE;
				CLANG_CXX_LANGUAGE_STANDARD = "gnu++0x";
				CLANG_CXX_LIBRARY = "libc++";
				CLANG_ENABLE_MODULES = YES;
				CLANG_ENABLE_OBJC_ARC = YES;
				CLANG_WARN_BOOL_CONVERSION = YES;
				CLANG_WARN_CONSTANT_CONVERSION = YES;
				CLANG_WARN_DIRECT_OBJC_ISA_USAGE = YES_ERROR;
				CLANG_WARN_DOCUMENTATION_COMMENTS = YES;
				CLANG_WARN_EMPTY_BODY = YES;
				CLANG_WARN_ENUM_CONVERSION = YES;
				CLANG_WARN_INFINITE_RECURSION = YES;
				CLANG_WARN_INT_CONVERSION = YES;
				CLANG_WARN_OBJC_ROOT_CLASS = YES_ERROR;
				CLANG_WARN_SUSPICIOUS_MOVE = YES;
				CLANG_WARN_UNREACHABLE_CODE = YES;
				CLANG_WARN__DUPLICATE_METHOD_MATCH = YES;
				"CODE_SIGN_IDENTITY[sdk=iphoneos*]" = "iPhone Developer";
				COPY_PHASE_STRIP = NO;
				DEBUG_INFORMATION_FORMAT = dwarf;
				ENABLE_STRICT_OBJC_MSGSEND = YES;
				ENABLE_TESTABILITY = YES;
				GCC_C_LANGUAGE_STANDARD = gnu99;
				GCC_DYNAMIC_NO_PIC = NO;
				GCC_NO_COMMON_BLOCKS = YES;
				GCC_OPTIMIZATION_LEVEL = 0;
				GCC_PREPROCESSOR_DEFINITIONS = (
					"DEBUG=1",
					"$(inherited)",
				);
				GCC_WARN_64_TO_32_BIT_CONVERSION = YES;
				GCC_WARN_ABOUT_RETURN_TYPE = YES_ERROR;
				GCC_WARN_UNDECLARED_SELECTOR = YES;
				GCC_WARN_UNINITIALIZED_AUTOS = YES_AGGRESSIVE;
				GCC_WARN_UNUSED_FUNCTION = YES;
				GCC_WARN_UNUSED_VARIABLE = YES;
				IPHONEOS_DEPLOYMENT_TARGET = 10.3;
				MTL_ENABLE_DEBUG_INFO = YES;
				ONLY_ACTIVE_ARCH = YES;
				SDKROOT = iphoneos;
				SWIFT_ACTIVE_COMPILATION_CONDITIONS = DEBUG;
				SWIFT_OPTIMIZATION_LEVEL = "-Onone";
			};
			name = Debug;
		};
		A6EF5A3E1FDA648100F63244 /* Release */ = {
			isa = XCBuildConfiguration;
			buildSettings = {
				ALWAYS_SEARCH_USER_PATHS = NO;
				CLANG_ANALYZER_NONNULL = YES;
				CLANG_ANALYZER_NUMBER_OBJECT_CONVERSION = YES_AGGRESSIVE;
				CLANG_CXX_LANGUAGE_STANDARD = "gnu++0x";
				CLANG_CXX_LIBRARY = "libc++";
				CLANG_ENABLE_MODULES = YES;
				CLANG_ENABLE_OBJC_ARC = YES;
				CLANG_WARN_BOOL_CONVERSION = YES;
				CLANG_WARN_CONSTANT_CONVERSION = YES;
				CLANG_WARN_DIRECT_OBJC_ISA_USAGE = YES_ERROR;
				CLANG_WARN_DOCUMENTATION_COMMENTS = YES;
				CLANG_WARN_EMPTY_BODY = YES;
				CLANG_WARN_ENUM_CONVERSION = YES;
				CLANG_WARN_INFINITE_RECURSION = YES;
				CLANG_WARN_INT_CONVERSION = YES;
				CLANG_WARN_OBJC_ROOT_CLASS = YES_ERROR;
				CLANG_WARN_SUSPICIOUS_MOVE = YES;
				CLANG_WARN_UNREACHABLE_CODE = YES;
				CLANG_WARN__DUPLICATE_METHOD_MATCH = YES;
				"CODE_SIGN_IDENTITY[sdk=iphoneos*]" = "iPhone Developer";
				COPY_PHASE_STRIP = NO;
				DEBUG_INFORMATION_FORMAT = "dwarf-with-dsym";
				ENABLE_NS_ASSERTIONS = NO;
				ENABLE_STRICT_OBJC_MSGSEND = YES;
				GCC_C_LANGUAGE_STANDARD = gnu99;
				GCC_NO_COMMON_BLOCKS = YES;
				GCC_WARN_64_TO_32_BIT_CONVERSION = YES;
				GCC_WARN_ABOUT_RETURN_TYPE = YES_ERROR;
				GCC_WARN_UNDECLARED_SELECTOR = YES;
				GCC_WARN_UNINITIALIZED_AUTOS = YES_AGGRESSIVE;
				GCC_WARN_UNUSED_FUNCTION = YES;
				GCC_WARN_UNUSED_VARIABLE = YES;
				IPHONEOS_DEPLOYMENT_TARGET = 10.3;
				MTL_ENABLE_DEBUG_INFO = NO;
				SDKROOT = iphoneos;
				SWIFT_OPTIMIZATION_LEVEL = "-Owholemodule";
				VALIDATE_PRODUCT = YES;
			};
			name = Release;
		};
		A6EF5A401FDA648100F63244 /* Debug */ = {
			isa = XCBuildConfiguration;
			buildSettings = {
				ASSETCATALOG_COMPILER_APPICON_NAME = AppIcon;
				DEVELOPMENT_TEAM = ZML32S4D5M;
				INFOPLIST_FILE = "闭包/Info.plist";
				LD_RUNPATH_SEARCH_PATHS = "$(inherited) @executable_path/Frameworks";
				PRODUCT_BUNDLE_IDENTIFIER = "com.huihui.--";
				PRODUCT_NAME = "$(TARGET_NAME)";
				SWIFT_VERSION = 3.0;
			};
			name = Debug;
		};
		A6EF5A411FDA648100F63244 /* Release */ = {
			isa = XCBuildConfiguration;
			buildSettings = {
				ASSETCATALOG_COMPILER_APPICON_NAME = AppIcon;
				DEVELOPMENT_TEAM = ZML32S4D5M;
				INFOPLIST_FILE = "闭包/Info.plist";
				LD_RUNPATH_SEARCH_PATHS = "$(inherited) @executable_path/Frameworks";
				PRODUCT_BUNDLE_IDENTIFIER = "com.huihui.--";
				PRODUCT_NAME = "$(TARGET_NAME)";
				SWIFT_VERSION = 3.0;
			};
			name = Release;
		};
		A6EF5A431FDA648100F63244 /* Debug */ = {
			isa = XCBuildConfiguration;
			buildSettings = {
				ALWAYS_EMBED_SWIFT_STANDARD_LIBRARIES = YES;
				BUNDLE_LOADER = "$(TEST_HOST)";
				DEVELOPMENT_TEAM = ZML32S4D5M;
				INFOPLIST_FILE = "闭包Tests/Info.plist";
				LD_RUNPATH_SEARCH_PATHS = "$(inherited) @executable_path/Frameworks @loader_path/Frameworks";
				PRODUCT_BUNDLE_IDENTIFIER = "com.huihui.--Tests";
				PRODUCT_NAME = "$(TARGET_NAME)";
				SWIFT_VERSION = 3.0;
				TEST_HOST = "$(BUILT_PRODUCTS_DIR)/闭包.app/闭包";
			};
			name = Debug;
		};
		A6EF5A441FDA648100F63244 /* Release */ = {
			isa = XCBuildConfiguration;
			buildSettings = {
				ALWAYS_EMBED_SWIFT_STANDARD_LIBRARIES = YES;
				BUNDLE_LOADER = "$(TEST_HOST)";
				DEVELOPMENT_TEAM = ZML32S4D5M;
				INFOPLIST_FILE = "闭包Tests/Info.plist";
				LD_RUNPATH_SEARCH_PATHS = "$(inherited) @executable_path/Frameworks @loader_path/Frameworks";
				PRODUCT_BUNDLE_IDENTIFIER = "com.huihui.--Tests";
				PRODUCT_NAME = "$(TARGET_NAME)";
				SWIFT_VERSION = 3.0;
				TEST_HOST = "$(BUILT_PRODUCTS_DIR)/闭包.app/闭包";
			};
			name = Release;
		};
		A6EF5A461FDA648100F63244 /* Debug */ = {
			isa = XCBuildConfiguration;
			buildSettings = {
				ALWAYS_EMBED_SWIFT_STANDARD_LIBRARIES = YES;
				DEVELOPMENT_TEAM = ZML32S4D5M;
				INFOPLIST_FILE = "闭包UITests/Info.plist";
				LD_RUNPATH_SEARCH_PATHS = "$(inherited) @executable_path/Frameworks @loader_path/Frameworks";
				PRODUCT_BUNDLE_IDENTIFIER = "com.huihui.--UITests";
				PRODUCT_NAME = "$(TARGET_NAME)";
				SWIFT_VERSION = 3.0;
				TEST_TARGET_NAME = "闭包";
			};
			name = Debug;
		};
		A6EF5A471FDA648100F63244 /* Release */ = {
			isa = XCBuildConfiguration;
			buildSettings = {
				ALWAYS_EMBED_SWIFT_STANDARD_LIBRARIES = YES;
				DEVELOPMENT_TEAM = ZML32S4D5M;
				INFOPLIST_FILE = "闭包UITests/Info.plist";
				LD_RUNPATH_SEARCH_PATHS = "$(inherited) @executable_path/Frameworks @loader_path/Frameworks";
				PRODUCT_BUNDLE_IDENTIFIER = "com.huihui.--UITests";
				PRODUCT_NAME = "$(TARGET_NAME)";
				SWIFT_VERSION = 3.0;
				TEST_TARGET_NAME = "闭包";
			};
			name = Release;
		};
/* End XCBuildConfiguration section */

/* Begin XCConfigurationList section */
		A6EF5A121FDA648100F63244 /* Build configuration list for PBXProject "闭包" */ = {
			isa = XCConfigurationList;
			buildConfigurations = (
				A6EF5A3D1FDA648100F63244 /* Debug */,
				A6EF5A3E1FDA648100F63244 /* Release */,
			);
			defaultConfigurationIsVisible = 0;
			defaultConfigurationName = Release;
		};
		A6EF5A3F1FDA648100F63244 /* Build configuration list for PBXNativeTarget "闭包" */ = {
			isa = XCConfigurationList;
			buildConfigurations = (
				A6EF5A401FDA648100F63244 /* Debug */,
				A6EF5A411FDA648100F63244 /* Release */,
			);
			defaultConfigurationIsVisible = 0;
		};
		A6EF5A421FDA648100F63244 /* Build configuration list for PBXNativeTarget "闭包Tests" */ = {
			isa = XCConfigurationList;
			buildConfigurations = (
				A6EF5A431FDA648100F63244 /* Debug */,
				A6EF5A441FDA648100F63244 /* Release */,
			);
			defaultConfigurationIsVisible = 0;
		};
		A6EF5A451FDA648100F63244 /* Build configuration list for PBXNativeTarget "闭包UITests" */ = {
			isa = XCConfigurationList;
			buildConfigurations = (
				A6EF5A461FDA648100F63244 /* Debug */,
				A6EF5A471FDA648100F63244 /* Release */,
			);
			defaultConfigurationIsVisible = 0;
		};
/* End XCConfigurationList section */
	};
	rootObject = A6EF5A0F1FDA648100F63244 /* Project object */;
}
